// !$*UTF8*$!
{
	archiveVersion = 1;
	classes = {
	};
	objectVersion = 48;
	objects = {

/* Begin PBXBuildFile section */
		185BAAC723130752005CD275 /* BalloonMarker.swift in Sources */ = {isa = PBXBuildFile; fileRef = 185BAAC623130752005CD275 /* BalloonMarker.swift */; };
		189C39452313B351009CC6EC /* BodyHistoryView.swift in Sources */ = {isa = PBXBuildFile; fileRef = 189C39442313B351009CC6EC /* BodyHistoryView.swift */; };
		189C39472313B867009CC6EC /* HistoricPriceService.swift in Sources */ = {isa = PBXBuildFile; fileRef = 189C39462313B867009CC6EC /* HistoricPriceService.swift */; };
		189C394A2313B895009CC6EC /* HistoricPriceApiRouter.swift in Sources */ = {isa = PBXBuildFile; fileRef = 189C39482313B895009CC6EC /* HistoricPriceApiRouter.swift */; };
		189C394B2313B895009CC6EC /* HistoricPriceApiService.swift in Sources */ = {isa = PBXBuildFile; fileRef = 189C39492313B895009CC6EC /* HistoricPriceApiService.swift */; };
		189C396B2313F0E7009CC6EC /* ApiServiceTests.swift in Sources */ = {isa = PBXBuildFile; fileRef = 189C396A2313F0E7009CC6EC /* ApiServiceTests.swift */; };
		189C39752313F52F009CC6EC /* HistoricPriceServiceTest.swift in Sources */ = {isa = PBXBuildFile; fileRef = 189C39742313F52F009CC6EC /* HistoricPriceServiceTest.swift */; };
		189C39772313F539009CC6EC /* CurrentPriceServiceTest.swift in Sources */ = {isa = PBXBuildFile; fileRef = 189C39762313F539009CC6EC /* CurrentPriceServiceTest.swift */; };
		189C39792313F561009CC6EC /* HistoricPriceApiServiceTest.swift in Sources */ = {isa = PBXBuildFile; fileRef = 189C39782313F561009CC6EC /* HistoricPriceApiServiceTest.swift */; };
		189C397B2313F566009CC6EC /* CurrentPriceApiServiceTest.swift in Sources */ = {isa = PBXBuildFile; fileRef = 189C397A2313F566009CC6EC /* CurrentPriceApiServiceTest.swift */; };
		189C39862314009B009CC6EC /* Bitcoin_PriceUITests.swift in Sources */ = {isa = PBXBuildFile; fileRef = 189C39852314009B009CC6EC /* Bitcoin_PriceUITests.swift */; };
		18CEA29A2312266600C3AB9D /* Result.swift in Sources */ = {isa = PBXBuildFile; fileRef = 18CEA2982312266600C3AB9D /* Result.swift */; };
		18CEA29D231226B700C3AB9D /* Reachability.swift in Sources */ = {isa = PBXBuildFile; fileRef = 18CEA29C231226B700C3AB9D /* Reachability.swift */; };
		66DF351DF9F575A3630BACBC /* Pods_Bitcoin_Price.framework in Frameworks */ = {isa = PBXBuildFile; fileRef = 79B7386C8D56B5209CB13DA8 /* Pods_Bitcoin_Price.framework */; };
		F8282342201D3B1C0008D8AF /* Date+Diff.swift in Sources */ = {isa = PBXBuildFile; fileRef = F8282341201D3B1C0008D8AF /* Date+Diff.swift */; };
		F8566EF9201B2EAC005E9950 /* UIColor+App.swift in Sources */ = {isa = PBXBuildFile; fileRef = F8566EF8201B2EAC005E9950 /* UIColor+App.swift */; };
		F8566EFB201B2F3A005E9950 /* CardView.swift in Sources */ = {isa = PBXBuildFile; fileRef = F8566EFA201B2F3A005E9950 /* CardView.swift */; };
		F8566F09201B85F4005E9950 /* String+Localized.swift in Sources */ = {isa = PBXBuildFile; fileRef = F8566F08201B85F4005E9950 /* String+Localized.swift */; };
		F8566F11201BBD0E005E9950 /* ReferenceType.swift in Sources */ = {isa = PBXBuildFile; fileRef = F8566F10201BBD0E005E9950 /* ReferenceType.swift */; };
		F8566F13201BC0CB005E9950 /* Date+Formatter.swift in Sources */ = {isa = PBXBuildFile; fileRef = F8566F12201BC0CB005E9950 /* Date+Formatter.swift */; };
		F8566F17201BC3F6005E9950 /* Float+Formatter.swift in Sources */ = {isa = PBXBuildFile; fileRef = F8566F16201BC3F6005E9950 /* Float+Formatter.swift */; };
		F8566F20201BF115005E9950 /* ChartView.swift in Sources */ = {isa = PBXBuildFile; fileRef = F8566F1F201BF115005E9950 /* ChartView.swift */; };
		F8566F25201C0E2E005E9950 /* Button.swift in Sources */ = {isa = PBXBuildFile; fileRef = F8566F24201C0E2E005E9950 /* Button.swift */; };
		F8566F27201C0E54005E9950 /* UIView+Shadow.swift in Sources */ = {isa = PBXBuildFile; fileRef = F8566F26201C0E54005E9950 /* UIView+Shadow.swift */; };
		F8566F2B201C1699005E9950 /* UserDefaults+App.swift in Sources */ = {isa = PBXBuildFile; fileRef = F8566F2A201C1699005E9950 /* UserDefaults+App.swift */; };
		F856EB85201D4AD700D4E655 /* SpinnerView.swift in Sources */ = {isa = PBXBuildFile; fileRef = F856EB84201D4AD700D4E655 /* SpinnerView.swift */; };
		F864D654201A947000EF7028 /* AppDelegate.swift in Sources */ = {isa = PBXBuildFile; fileRef = F864D644201A947000EF7028 /* AppDelegate.swift */; };
		F864D656201A947000EF7028 /* LaunchScreen.storyboard in Resources */ = {isa = PBXBuildFile; fileRef = F864D64C201A947000EF7028 /* LaunchScreen.storyboard */; };
		F864D657201A947000EF7028 /* Main.storyboard in Resources */ = {isa = PBXBuildFile; fileRef = F864D64E201A947000EF7028 /* Main.storyboard */; };
		F864D667201A95B300EF7028 /* Localizable.strings in Resources */ = {isa = PBXBuildFile; fileRef = F864D669201A95B300EF7028 /* Localizable.strings */; };
		F864D66C201A967600EF7028 /* Settings.bundle in Resources */ = {isa = PBXBuildFile; fileRef = F864D66B201A967600EF7028 /* Settings.bundle */; };
		F877E0B42024AD05002E955B /* CurrentPriceService.swift in Sources */ = {isa = PBXBuildFile; fileRef = F877E0B32024AD05002E955B /* CurrentPriceService.swift */; };
		F877E0B62024AD1B002E955B /* Service.swift in Sources */ = {isa = PBXBuildFile; fileRef = F877E0B52024AD1B002E955B /* Service.swift */; };
		F87C6AF2201AC4F100BB968F /* Fonts.bundle in Resources */ = {isa = PBXBuildFile; fileRef = F87C6AF1201AC4F100BB968F /* Fonts.bundle */; };
		F87C6AF4201AC55A00BB968F /* UIFont+App.swift in Sources */ = {isa = PBXBuildFile; fileRef = F87C6AF3201AC55A00BB968F /* UIFont+App.swift */; };
		F8A704B3201C97E60015C071 /* BodyPriceView.swift in Sources */ = {isa = PBXBuildFile; fileRef = F8A704AB201C97E60015C071 /* BodyPriceView.swift */; };
		F8A704B4201C97E60015C071 /* BodyView.swift in Sources */ = {isa = PBXBuildFile; fileRef = F8A704AC201C97E60015C071 /* BodyView.swift */; };
		F8A704B5201C97E60015C071 /* FooterView.swift in Sources */ = {isa = PBXBuildFile; fileRef = F8A704AD201C97E60015C071 /* FooterView.swift */; };
		F8A704B6201C97E60015C071 /* HeaderView.swift in Sources */ = {isa = PBXBuildFile; fileRef = F8A704AE201C97E60015C071 /* HeaderView.swift */; };
		F8A704B7201C97E60015C071 /* ViewController+FooterDelegate.swift in Sources */ = {isa = PBXBuildFile; fileRef = F8A704AF201C97E60015C071 /* ViewController+FooterDelegate.swift */; };
		F8A704B8201C97E60015C071 /* ViewController+HeaderDelegate.swift in Sources */ = {isa = PBXBuildFile; fileRef = F8A704B0201C97E60015C071 /* ViewController+HeaderDelegate.swift */; };
		F8A704B9201C97E60015C071 /* ViewController.swift in Sources */ = {isa = PBXBuildFile; fileRef = F8A704B1201C97E60015C071 /* ViewController.swift */; };
		F8A704BC201CA6880015C071 /* CurrentPrice.swift in Sources */ = {isa = PBXBuildFile; fileRef = F8A704BB201CA6880015C071 /* CurrentPrice.swift */; };
		F8A704BE201CA8870015C071 /* CurrentPriceApiService.swift in Sources */ = {isa = PBXBuildFile; fileRef = F8A704BD201CA8870015C071 /* CurrentPriceApiService.swift */; };
		F8A704C0201CA8C60015C071 /* ApiService.swift in Sources */ = {isa = PBXBuildFile; fileRef = F8A704BF201CA8C60015C071 /* ApiService.swift */; };
		F8A704C2201CA9D00015C071 /* CurrentPriceApiRouter.swift in Sources */ = {isa = PBXBuildFile; fileRef = F8A704C1201CA9D00015C071 /* CurrentPriceApiRouter.swift */; };
		F8A704C4201CB1700015C071 /* Bundle+InfoPlist.swift in Sources */ = {isa = PBXBuildFile; fileRef = F8A704C3201CB1700015C071 /* Bundle+InfoPlist.swift */; };
		F8A704CA201CB48A0015C071 /* HistoricPrice.swift in Sources */ = {isa = PBXBuildFile; fileRef = F8A704C9201CB48A0015C071 /* HistoricPrice.swift */; };
		F8A8601E2024EB8800553A43 /* UIView+Animations.swift in Sources */ = {isa = PBXBuildFile; fileRef = F8A8601D2024EB8800553A43 /* UIView+Animations.swift */; };
		F8AF645E202511530043465D /* BannerColors.swift in Sources */ = {isa = PBXBuildFile; fileRef = F8AF645D202511530043465D /* BannerColors.swift */; };
		F8AF64602025122F0043465D /* StatusBarNotificationBanner+App.swift in Sources */ = {isa = PBXBuildFile; fileRef = F8AF645F2025122F0043465D /* StatusBarNotificationBanner+App.swift */; };
		F8D62DAD201D85C8005E76FD /* Date+Calc.swift in Sources */ = {isa = PBXBuildFile; fileRef = F8D62DAC201D85C8005E76FD /* Date+Calc.swift */; };
		F8D9D9B7201A925A002F2DCC /* Assets.xcassets in Resources */ = {isa = PBXBuildFile; fileRef = F8D9D9B6201A925A002F2DCC /* Assets.xcassets */; };
		F8DA792E20249B8200AB528D /* ViewController+ServiceDelegate.swift in Sources */ = {isa = PBXBuildFile; fileRef = F8DA792D20249B8200AB528D /* ViewController+ServiceDelegate.swift */; };
		F8EB80B2201CE91000AD9087 /* NSObject+ClassName.swift in Sources */ = {isa = PBXBuildFile; fileRef = F8EB80B1201CE91000AD9087 /* NSObject+ClassName.swift */; };
/* End PBXBuildFile section */

/* Begin PBXContainerItemProxy section */
		189C397C2313FB06009CC6EC /* PBXContainerItemProxy */ = {
			isa = PBXContainerItemProxy;
			containerPortal = F8D9D9A1201A925A002F2DCC /* Project object */;
			proxyType = 1;
			remoteGlobalIDString = F8D9D9A8201A925A002F2DCC;
			remoteInfo = "Bitcoin Price";
		};
		189C39882314009B009CC6EC /* PBXContainerItemProxy */ = {
			isa = PBXContainerItemProxy;
			containerPortal = F8D9D9A1201A925A002F2DCC /* Project object */;
			proxyType = 1;
			remoteGlobalIDString = F8D9D9A8201A925A002F2DCC;
			remoteInfo = "Bitcoin Price";
		};
/* End PBXContainerItemProxy section */

/* Begin PBXFileReference section */
		185BAAC623130752005CD275 /* BalloonMarker.swift */ = {isa = PBXFileReference; fileEncoding = 4; lastKnownFileType = sourcecode.swift; path = BalloonMarker.swift; sourceTree = "<group>"; };
		189C39442313B351009CC6EC /* BodyHistoryView.swift */ = {isa = PBXFileReference; lastKnownFileType = sourcecode.swift; path = BodyHistoryView.swift; sourceTree = "<group>"; };
		189C39462313B867009CC6EC /* HistoricPriceService.swift */ = {isa = PBXFileReference; fileEncoding = 4; lastKnownFileType = sourcecode.swift; path = HistoricPriceService.swift; sourceTree = "<group>"; };
		189C39482313B895009CC6EC /* HistoricPriceApiRouter.swift */ = {isa = PBXFileReference; fileEncoding = 4; lastKnownFileType = sourcecode.swift; path = HistoricPriceApiRouter.swift; sourceTree = "<group>"; };
		189C39492313B895009CC6EC /* HistoricPriceApiService.swift */ = {isa = PBXFileReference; fileEncoding = 4; lastKnownFileType = sourcecode.swift; path = HistoricPriceApiService.swift; sourceTree = "<group>"; };
		189C39682313F0E7009CC6EC /* Bitcoin PriceTests.xctest */ = {isa = PBXFileReference; explicitFileType = wrapper.cfbundle; includeInIndex = 0; path = "Bitcoin PriceTests.xctest"; sourceTree = BUILT_PRODUCTS_DIR; };
		189C396A2313F0E7009CC6EC /* ApiServiceTests.swift */ = {isa = PBXFileReference; lastKnownFileType = sourcecode.swift; path = ApiServiceTests.swift; sourceTree = "<group>"; };
		189C396C2313F0E7009CC6EC /* Info.plist */ = {isa = PBXFileReference; lastKnownFileType = text.plist.xml; path = Info.plist; sourceTree = "<group>"; };
		189C39742313F52F009CC6EC /* HistoricPriceServiceTest.swift */ = {isa = PBXFileReference; fileEncoding = 4; lastKnownFileType = sourcecode.swift; path = HistoricPriceServiceTest.swift; sourceTree = "<group>"; };
		189C39762313F539009CC6EC /* CurrentPriceServiceTest.swift */ = {isa = PBXFileReference; fileEncoding = 4; lastKnownFileType = sourcecode.swift; path = CurrentPriceServiceTest.swift; sourceTree = "<group>"; };
		189C39782313F561009CC6EC /* HistoricPriceApiServiceTest.swift */ = {isa = PBXFileReference; fileEncoding = 4; lastKnownFileType = sourcecode.swift; path = HistoricPriceApiServiceTest.swift; sourceTree = "<group>"; };
		189C397A2313F566009CC6EC /* CurrentPriceApiServiceTest.swift */ = {isa = PBXFileReference; fileEncoding = 4; lastKnownFileType = sourcecode.swift; path = CurrentPriceApiServiceTest.swift; sourceTree = "<group>"; };
		189C39832314009B009CC6EC /* Bitcoin PriceUITests.xctest */ = {isa = PBXFileReference; explicitFileType = wrapper.cfbundle; includeInIndex = 0; path = "Bitcoin PriceUITests.xctest"; sourceTree = BUILT_PRODUCTS_DIR; };
		189C39852314009B009CC6EC /* Bitcoin_PriceUITests.swift */ = {isa = PBXFileReference; lastKnownFileType = sourcecode.swift; path = Bitcoin_PriceUITests.swift; sourceTree = "<group>"; };
		189C39872314009B009CC6EC /* Info.plist */ = {isa = PBXFileReference; lastKnownFileType = text.plist.xml; path = Info.plist; sourceTree = "<group>"; };
		18CEA2982312266600C3AB9D /* Result.swift */ = {isa = PBXFileReference; fileEncoding = 4; lastKnownFileType = sourcecode.swift; path = Result.swift; sourceTree = "<group>"; };
		18CEA29C231226B700C3AB9D /* Reachability.swift */ = {isa = PBXFileReference; fileEncoding = 4; lastKnownFileType = sourcecode.swift; path = Reachability.swift; sourceTree = "<group>"; };
		35173FF0A58A0E9CA0B0A38D /* Pods-BitPriceTests.release.xcconfig */ = {isa = PBXFileReference; includeInIndex = 1; lastKnownFileType = text.xcconfig; name = "Pods-BitPriceTests.release.xcconfig"; path = "Pods/Target Support Files/Pods-BitPriceTests/Pods-BitPriceTests.release.xcconfig"; sourceTree = "<group>"; };
		3D59A69A2A7322BD4500E335 /* Pods-BitPriceUITests.debug.xcconfig */ = {isa = PBXFileReference; includeInIndex = 1; lastKnownFileType = text.xcconfig; name = "Pods-BitPriceUITests.debug.xcconfig"; path = "Pods/Target Support Files/Pods-BitPriceUITests/Pods-BitPriceUITests.debug.xcconfig"; sourceTree = "<group>"; };
		49D9770647862058B60F9440 /* Pods-BitPriceUITests.release.xcconfig */ = {isa = PBXFileReference; includeInIndex = 1; lastKnownFileType = text.xcconfig; name = "Pods-BitPriceUITests.release.xcconfig"; path = "Pods/Target Support Files/Pods-BitPriceUITests/Pods-BitPriceUITests.release.xcconfig"; sourceTree = "<group>"; };
		4E5B60B4BB16C2200F2D05E9 /* Pods-BitPrice.debug.xcconfig */ = {isa = PBXFileReference; includeInIndex = 1; lastKnownFileType = text.xcconfig; name = "Pods-BitPrice.debug.xcconfig"; path = "Pods/Target Support Files/Pods-BitPrice/Pods-BitPrice.debug.xcconfig"; sourceTree = "<group>"; };
		4E8F4DCE485A9275AE731303 /* Pods-BitPriceTests.debug.xcconfig */ = {isa = PBXFileReference; includeInIndex = 1; lastKnownFileType = text.xcconfig; name = "Pods-BitPriceTests.debug.xcconfig"; path = "Pods/Target Support Files/Pods-BitPriceTests/Pods-BitPriceTests.debug.xcconfig"; sourceTree = "<group>"; };
		5705624BD5CA1E551E45B10D /* Pods-Bitcoin PriceUITests.release.xcconfig */ = {isa = PBXFileReference; includeInIndex = 1; lastKnownFileType = text.xcconfig; name = "Pods-Bitcoin PriceUITests.release.xcconfig"; path = "Pods/Target Support Files/Pods-Bitcoin PriceUITests/Pods-Bitcoin PriceUITests.release.xcconfig"; sourceTree = "<group>"; };
		5A75F2B8639EA8F5EB371892 /* Pods-Bitcoin PriceTests.debug.xcconfig */ = {isa = PBXFileReference; includeInIndex = 1; lastKnownFileType = text.xcconfig; name = "Pods-Bitcoin PriceTests.debug.xcconfig"; path = "Pods/Target Support Files/Pods-Bitcoin PriceTests/Pods-Bitcoin PriceTests.debug.xcconfig"; sourceTree = "<group>"; };
		6FB5ACC1A1EE880484EFBA5D /* Pods_Bitcoin_PriceTests.framework */ = {isa = PBXFileReference; explicitFileType = wrapper.framework; includeInIndex = 0; path = Pods_Bitcoin_PriceTests.framework; sourceTree = BUILT_PRODUCTS_DIR; };
		79B7386C8D56B5209CB13DA8 /* Pods_Bitcoin_Price.framework */ = {isa = PBXFileReference; explicitFileType = wrapper.framework; includeInIndex = 0; path = Pods_Bitcoin_Price.framework; sourceTree = BUILT_PRODUCTS_DIR; };
		99A792B30E66087BC8DEB718 /* Pods-Bitcoin PriceTests.release.xcconfig */ = {isa = PBXFileReference; includeInIndex = 1; lastKnownFileType = text.xcconfig; name = "Pods-Bitcoin PriceTests.release.xcconfig"; path = "Pods/Target Support Files/Pods-Bitcoin PriceTests/Pods-Bitcoin PriceTests.release.xcconfig"; sourceTree = "<group>"; };
		B05C7BD22D3CB64708CD0224 /* Pods-Bitcoin Price.release.xcconfig */ = {isa = PBXFileReference; includeInIndex = 1; lastKnownFileType = text.xcconfig; name = "Pods-Bitcoin Price.release.xcconfig"; path = "Pods/Target Support Files/Pods-Bitcoin Price/Pods-Bitcoin Price.release.xcconfig"; sourceTree = "<group>"; };
		B0666383C2AAEF0D66B8C771 /* Pods_Bitcoin_PriceUITests.framework */ = {isa = PBXFileReference; explicitFileType = wrapper.framework; includeInIndex = 0; path = Pods_Bitcoin_PriceUITests.framework; sourceTree = BUILT_PRODUCTS_DIR; };
		C588772BF1479C94E7ED2C58 /* Pods-Bitcoin Price.debug.xcconfig */ = {isa = PBXFileReference; includeInIndex = 1; lastKnownFileType = text.xcconfig; name = "Pods-Bitcoin Price.debug.xcconfig"; path = "Pods/Target Support Files/Pods-Bitcoin Price/Pods-Bitcoin Price.debug.xcconfig"; sourceTree = "<group>"; };
		E040B7A9DD2ED0787D6FD566 /* Pods-BitPrice.release.xcconfig */ = {isa = PBXFileReference; includeInIndex = 1; lastKnownFileType = text.xcconfig; name = "Pods-BitPrice.release.xcconfig"; path = "Pods/Target Support Files/Pods-BitPrice/Pods-BitPrice.release.xcconfig"; sourceTree = "<group>"; };
		F8282341201D3B1C0008D8AF /* Date+Diff.swift */ = {isa = PBXFileReference; fileEncoding = 4; lastKnownFileType = sourcecode.swift; path = "Date+Diff.swift"; sourceTree = "<group>"; };
		F8566EF8201B2EAC005E9950 /* UIColor+App.swift */ = {isa = PBXFileReference; fileEncoding = 4; lastKnownFileType = sourcecode.swift; path = "UIColor+App.swift"; sourceTree = "<group>"; };
		F8566EFA201B2F3A005E9950 /* CardView.swift */ = {isa = PBXFileReference; fileEncoding = 4; lastKnownFileType = sourcecode.swift; path = CardView.swift; sourceTree = "<group>"; };
		F8566F08201B85F4005E9950 /* String+Localized.swift */ = {isa = PBXFileReference; fileEncoding = 4; lastKnownFileType = sourcecode.swift; path = "String+Localized.swift"; sourceTree = "<group>"; };
		F8566F0A201B8631005E9950 /* en */ = {isa = PBXFileReference; lastKnownFileType = text.plist.strings; name = en; path = en.lproj/Localizable.strings; sourceTree = "<group>"; };
		F8566F10201BBD0E005E9950 /* ReferenceType.swift */ = {isa = PBXFileReference; fileEncoding = 4; lastKnownFileType = sourcecode.swift; path = ReferenceType.swift; sourceTree = "<group>"; };
		F8566F12201BC0CB005E9950 /* Date+Formatter.swift */ = {isa = PBXFileReference; lastKnownFileType = sourcecode.swift; path = "Date+Formatter.swift"; sourceTree = "<group>"; };
		F8566F16201BC3F6005E9950 /* Float+Formatter.swift */ = {isa = PBXFileReference; lastKnownFileType = sourcecode.swift; path = "Float+Formatter.swift"; sourceTree = "<group>"; };
		F8566F1F201BF115005E9950 /* ChartView.swift */ = {isa = PBXFileReference; fileEncoding = 4; lastKnownFileType = sourcecode.swift; path = ChartView.swift; sourceTree = "<group>"; };
		F8566F24201C0E2E005E9950 /* Button.swift */ = {isa = PBXFileReference; lastKnownFileType = sourcecode.swift; path = Button.swift; sourceTree = "<group>"; };
		F8566F26201C0E54005E9950 /* UIView+Shadow.swift */ = {isa = PBXFileReference; lastKnownFileType = sourcecode.swift; path = "UIView+Shadow.swift"; sourceTree = "<group>"; };
		F8566F2A201C1699005E9950 /* UserDefaults+App.swift */ = {isa = PBXFileReference; fileEncoding = 4; lastKnownFileType = sourcecode.swift; path = "UserDefaults+App.swift"; sourceTree = "<group>"; };
		F856EB84201D4AD700D4E655 /* SpinnerView.swift */ = {isa = PBXFileReference; lastKnownFileType = sourcecode.swift; path = SpinnerView.swift; sourceTree = "<group>"; };
		F864D644201A947000EF7028 /* AppDelegate.swift */ = {isa = PBXFileReference; fileEncoding = 4; lastKnownFileType = sourcecode.swift; path = AppDelegate.swift; sourceTree = "<group>"; };
		F864D64D201A947000EF7028 /* Base */ = {isa = PBXFileReference; lastKnownFileType = file.storyboard; name = Base; path = Base.lproj/LaunchScreen.storyboard; sourceTree = "<group>"; };
		F864D64F201A947000EF7028 /* Base */ = {isa = PBXFileReference; lastKnownFileType = file.storyboard; name = Base; path = Base.lproj/Main.storyboard; sourceTree = "<group>"; };
		F864D65F201A947B00EF7028 /* Info.plist */ = {isa = PBXFileReference; fileEncoding = 4; lastKnownFileType = text.plist.xml; path = Info.plist; sourceTree = "<group>"; };
		F864D66B201A967600EF7028 /* Settings.bundle */ = {isa = PBXFileReference; lastKnownFileType = "wrapper.plug-in"; path = Settings.bundle; sourceTree = "<group>"; };
		F877E0B32024AD05002E955B /* CurrentPriceService.swift */ = {isa = PBXFileReference; lastKnownFileType = sourcecode.swift; path = CurrentPriceService.swift; sourceTree = "<group>"; };
		F877E0B52024AD1B002E955B /* Service.swift */ = {isa = PBXFileReference; lastKnownFileType = sourcecode.swift; path = Service.swift; sourceTree = "<group>"; };
		F87C6AF1201AC4F100BB968F /* Fonts.bundle */ = {isa = PBXFileReference; lastKnownFileType = "wrapper.plug-in"; path = Fonts.bundle; sourceTree = "<group>"; };
		F87C6AF3201AC55A00BB968F /* UIFont+App.swift */ = {isa = PBXFileReference; fileEncoding = 4; lastKnownFileType = sourcecode.swift; path = "UIFont+App.swift"; sourceTree = "<group>"; };
		F8A704AB201C97E60015C071 /* BodyPriceView.swift */ = {isa = PBXFileReference; fileEncoding = 4; lastKnownFileType = sourcecode.swift; path = BodyPriceView.swift; sourceTree = "<group>"; };
		F8A704AC201C97E60015C071 /* BodyView.swift */ = {isa = PBXFileReference; fileEncoding = 4; lastKnownFileType = sourcecode.swift; path = BodyView.swift; sourceTree = "<group>"; };
		F8A704AD201C97E60015C071 /* FooterView.swift */ = {isa = PBXFileReference; fileEncoding = 4; lastKnownFileType = sourcecode.swift; path = FooterView.swift; sourceTree = "<group>"; };
		F8A704AE201C97E60015C071 /* HeaderView.swift */ = {isa = PBXFileReference; fileEncoding = 4; lastKnownFileType = sourcecode.swift; path = HeaderView.swift; sourceTree = "<group>"; };
		F8A704AF201C97E60015C071 /* ViewController+FooterDelegate.swift */ = {isa = PBXFileReference; fileEncoding = 4; lastKnownFileType = sourcecode.swift; path = "ViewController+FooterDelegate.swift"; sourceTree = "<group>"; };
		F8A704B0201C97E60015C071 /* ViewController+HeaderDelegate.swift */ = {isa = PBXFileReference; fileEncoding = 4; lastKnownFileType = sourcecode.swift; path = "ViewController+HeaderDelegate.swift"; sourceTree = "<group>"; };
		F8A704B1201C97E60015C071 /* ViewController.swift */ = {isa = PBXFileReference; fileEncoding = 4; lastKnownFileType = sourcecode.swift; path = ViewController.swift; sourceTree = "<group>"; };
		F8A704BB201CA6880015C071 /* CurrentPrice.swift */ = {isa = PBXFileReference; lastKnownFileType = sourcecode.swift; path = CurrentPrice.swift; sourceTree = "<group>"; };
		F8A704BD201CA8870015C071 /* CurrentPriceApiService.swift */ = {isa = PBXFileReference; lastKnownFileType = sourcecode.swift; path = CurrentPriceApiService.swift; sourceTree = "<group>"; };
		F8A704BF201CA8C60015C071 /* ApiService.swift */ = {isa = PBXFileReference; lastKnownFileType = sourcecode.swift; path = ApiService.swift; sourceTree = "<group>"; };
		F8A704C1201CA9D00015C071 /* CurrentPriceApiRouter.swift */ = {isa = PBXFileReference; lastKnownFileType = sourcecode.swift; path = CurrentPriceApiRouter.swift; sourceTree = "<group>"; };
		F8A704C3201CB1700015C071 /* Bundle+InfoPlist.swift */ = {isa = PBXFileReference; lastKnownFileType = sourcecode.swift; path = "Bundle+InfoPlist.swift"; sourceTree = "<group>"; };
		F8A704C9201CB48A0015C071 /* HistoricPrice.swift */ = {isa = PBXFileReference; lastKnownFileType = sourcecode.swift; path = HistoricPrice.swift; sourceTree = "<group>"; };
		F8A8601D2024EB8800553A43 /* UIView+Animations.swift */ = {isa = PBXFileReference; lastKnownFileType = sourcecode.swift; path = "UIView+Animations.swift"; sourceTree = "<group>"; };
		F8AF645D202511530043465D /* BannerColors.swift */ = {isa = PBXFileReference; lastKnownFileType = sourcecode.swift; path = BannerColors.swift; sourceTree = "<group>"; };
		F8AF645F2025122F0043465D /* StatusBarNotificationBanner+App.swift */ = {isa = PBXFileReference; lastKnownFileType = sourcecode.swift; path = "StatusBarNotificationBanner+App.swift"; sourceTree = "<group>"; };
		F8D62DAC201D85C8005E76FD /* Date+Calc.swift */ = {isa = PBXFileReference; lastKnownFileType = sourcecode.swift; path = "Date+Calc.swift"; sourceTree = "<group>"; };
		F8D9D9A9201A925A002F2DCC /* Bitcoin Price.app */ = {isa = PBXFileReference; explicitFileType = wrapper.application; includeInIndex = 0; path = "Bitcoin Price.app"; sourceTree = BUILT_PRODUCTS_DIR; };
		F8D9D9B6201A925A002F2DCC /* Assets.xcassets */ = {isa = PBXFileReference; lastKnownFileType = folder.assetcatalog; path = Assets.xcassets; sourceTree = "<group>"; };
		F8DA792D20249B8200AB528D /* ViewController+ServiceDelegate.swift */ = {isa = PBXFileReference; lastKnownFileType = sourcecode.swift; path = "ViewController+ServiceDelegate.swift"; sourceTree = "<group>"; };
		F8EB80B1201CE91000AD9087 /* NSObject+ClassName.swift */ = {isa = PBXFileReference; fileEncoding = 4; lastKnownFileType = sourcecode.swift; path = "NSObject+ClassName.swift"; sourceTree = "<group>"; };
		FB6A68A55C890D1D0E45733C /* Pods-Bitcoin PriceUITests.debug.xcconfig */ = {isa = PBXFileReference; includeInIndex = 1; lastKnownFileType = text.xcconfig; name = "Pods-Bitcoin PriceUITests.debug.xcconfig"; path = "Pods/Target Support Files/Pods-Bitcoin PriceUITests/Pods-Bitcoin PriceUITests.debug.xcconfig"; sourceTree = "<group>"; };
/* End PBXFileReference section */

/* Begin PBXFrameworksBuildPhase section */
		189C39652313F0E7009CC6EC /* Frameworks */ = {
			isa = PBXFrameworksBuildPhase;
			buildActionMask = 2147483647;
			files = (
			);
			runOnlyForDeploymentPostprocessing = 0;
		};
		189C39802314009B009CC6EC /* Frameworks */ = {
			isa = PBXFrameworksBuildPhase;
			buildActionMask = 2147483647;
			files = (
			);
			runOnlyForDeploymentPostprocessing = 0;
		};
		F8D9D9A6201A925A002F2DCC /* Frameworks */ = {
			isa = PBXFrameworksBuildPhase;
			buildActionMask = 2147483647;
			files = (
				66DF351DF9F575A3630BACBC /* Pods_Bitcoin_Price.framework in Frameworks */,
			);
			runOnlyForDeploymentPostprocessing = 0;
		};
/* End PBXFrameworksBuildPhase section */

/* Begin PBXGroup section */
		189C39692313F0E7009CC6EC /* Bitcoin PriceTests */ = {
			isa = PBXGroup;
			children = (
				189C397E2313FDFB009CC6EC /* Service */,
				189C39782313F561009CC6EC /* HistoricPriceApiServiceTest.swift */,
				189C397A2313F566009CC6EC /* CurrentPriceApiServiceTest.swift */,
				189C396C2313F0E7009CC6EC /* Info.plist */,
			);
			path = "Bitcoin PriceTests";
			sourceTree = "<group>";
		};
		189C397E2313FDFB009CC6EC /* Service */ = {
			isa = PBXGroup;
			children = (
				189C39742313F52F009CC6EC /* HistoricPriceServiceTest.swift */,
				189C39762313F539009CC6EC /* CurrentPriceServiceTest.swift */,
				189C396A2313F0E7009CC6EC /* ApiServiceTests.swift */,
			);
			path = Service;
			sourceTree = "<group>";
		};
		189C39842314009B009CC6EC /* Bitcoin PriceUITests */ = {
			isa = PBXGroup;
			children = (
				189C39852314009B009CC6EC /* Bitcoin_PriceUITests.swift */,
				189C39872314009B009CC6EC /* Info.plist */,
			);
			path = "Bitcoin PriceUITests";
			sourceTree = "<group>";
		};
		5E414E20828CE915BF9738F6 /* Frameworks */ = {
			isa = PBXGroup;
			children = (
				79B7386C8D56B5209CB13DA8 /* Pods_Bitcoin_Price.framework */,
				6FB5ACC1A1EE880484EFBA5D /* Pods_Bitcoin_PriceTests.framework */,
				B0666383C2AAEF0D66B8C771 /* Pods_Bitcoin_PriceUITests.framework */,
			);
			name = Frameworks;
			sourceTree = "<group>";
		};
		969AFF5F5D8D63027F946CA7 /* Pods */ = {
			isa = PBXGroup;
			children = (
				4E5B60B4BB16C2200F2D05E9 /* Pods-BitPrice.debug.xcconfig */,
				E040B7A9DD2ED0787D6FD566 /* Pods-BitPrice.release.xcconfig */,
				4E8F4DCE485A9275AE731303 /* Pods-BitPriceTests.debug.xcconfig */,
				35173FF0A58A0E9CA0B0A38D /* Pods-BitPriceTests.release.xcconfig */,
				3D59A69A2A7322BD4500E335 /* Pods-BitPriceUITests.debug.xcconfig */,
				49D9770647862058B60F9440 /* Pods-BitPriceUITests.release.xcconfig */,
				C588772BF1479C94E7ED2C58 /* Pods-Bitcoin Price.debug.xcconfig */,
				B05C7BD22D3CB64708CD0224 /* Pods-Bitcoin Price.release.xcconfig */,
				5A75F2B8639EA8F5EB371892 /* Pods-Bitcoin PriceTests.debug.xcconfig */,
				99A792B30E66087BC8DEB718 /* Pods-Bitcoin PriceTests.release.xcconfig */,
				FB6A68A55C890D1D0E45733C /* Pods-Bitcoin PriceUITests.debug.xcconfig */,
				5705624BD5CA1E551E45B10D /* Pods-Bitcoin PriceUITests.release.xcconfig */,
			);
			name = Pods;
			sourceTree = "<group>";
		};
		F8566EF7201B2E83005E9950 /* UIView */ = {
			isa = PBXGroup;
			children = (
				F8566EFA201B2F3A005E9950 /* CardView.swift */,
				F856EB84201D4AD700D4E655 /* SpinnerView.swift */,
			);
			path = UIView;
			sourceTree = "<group>";
		};
		F8566F1E201BF115005E9950 /* LineChartView */ = {
			isa = PBXGroup;
			children = (
				F8566F1F201BF115005E9950 /* ChartView.swift */,
			);
			path = LineChartView;
			sourceTree = "<group>";
		};
		F8566F23201C0E1D005E9950 /* UIButton */ = {
			isa = PBXGroup;
			children = (
				F8566F24201C0E2E005E9950 /* Button.swift */,
			);
			path = UIButton;
			sourceTree = "<group>";
		};
		F864D643201A947000EF7028 /* Classes */ = {
			isa = PBXGroup;
			children = (
				F864D644201A947000EF7028 /* AppDelegate.swift */,
				F864D645201A947000EF7028 /* Controller */,
				F864D647201A947000EF7028 /* Helper */,
				F864D648201A947000EF7028 /* Model */,
				F864D649201A947000EF7028 /* Service */,
				F864D64A201A947000EF7028 /* UI */,
				F864D64B201A947000EF7028 /* View */,
			);
			path = Classes;
			sourceTree = "<group>";
		};
		F864D645201A947000EF7028 /* Controller */ = {
			isa = PBXGroup;
			children = (
				F8A704A8201C97E60015C071 /* View */,
			);
			path = Controller;
			sourceTree = "<group>";
		};
		F864D647201A947000EF7028 /* Helper */ = {
			isa = PBXGroup;
			children = (
				18CEA29C231226B700C3AB9D /* Reachability.swift */,
				F8A704C3201CB1700015C071 /* Bundle+InfoPlist.swift */,
				F8D62DAC201D85C8005E76FD /* Date+Calc.swift */,
				F8282341201D3B1C0008D8AF /* Date+Diff.swift */,
				F8566F12201BC0CB005E9950 /* Date+Formatter.swift */,
				F8566F16201BC3F6005E9950 /* Float+Formatter.swift */,
				F8EB80B1201CE91000AD9087 /* NSObject+ClassName.swift */,
				F8AF645F2025122F0043465D /* StatusBarNotificationBanner+App.swift */,
				F8566F08201B85F4005E9950 /* String+Localized.swift */,
				F8566EF8201B2EAC005E9950 /* UIColor+App.swift */,
				F87C6AF3201AC55A00BB968F /* UIFont+App.swift */,
				F8A8601D2024EB8800553A43 /* UIView+Animations.swift */,
				F8566F26201C0E54005E9950 /* UIView+Shadow.swift */,
				185BAAC623130752005CD275 /* BalloonMarker.swift */,
				F8566F2A201C1699005E9950 /* UserDefaults+App.swift */,
			);
			path = Helper;
			sourceTree = "<group>";
		};
		F864D648201A947000EF7028 /* Model */ = {
			isa = PBXGroup;
			children = (
				F8566F10201BBD0E005E9950 /* ReferenceType.swift */,
				F8A704C9201CB48A0015C071 /* HistoricPrice.swift */,
				F8A704BB201CA6880015C071 /* CurrentPrice.swift */,
				18CEA2982312266600C3AB9D /* Result.swift */,
			);
			path = Model;
			sourceTree = "<group>";
		};
		F864D649201A947000EF7028 /* Service */ = {
			isa = PBXGroup;
			children = (
				F877E0B52024AD1B002E955B /* Service.swift */,
				F877E0B32024AD05002E955B /* CurrentPriceService.swift */,
				189C39462313B867009CC6EC /* HistoricPriceService.swift */,
				F8A704BA201C9FCD0015C071 /* API */,
			);
			path = Service;
			sourceTree = "<group>";
		};
		F864D64A201A947000EF7028 /* UI */ = {
			isa = PBXGroup;
			children = (
				F8AF645C202511340043465D /* BaseNotificationBanner */,
				F8566F1E201BF115005E9950 /* LineChartView */,
				F8566F23201C0E1D005E9950 /* UIButton */,
				F8566EF7201B2E83005E9950 /* UIView */,
			);
			path = UI;
			sourceTree = "<group>";
		};
		F864D64B201A947000EF7028 /* View */ = {
			isa = PBXGroup;
			children = (
				F864D64C201A947000EF7028 /* LaunchScreen.storyboard */,
				F864D64E201A947000EF7028 /* Main.storyboard */,
			);
			path = View;
			sourceTree = "<group>";
		};
		F864D65A201A947600EF7028 /* Resources */ = {
			isa = PBXGroup;
			children = (
				F87C6AF1201AC4F100BB968F /* Fonts.bundle */,
				F864D66B201A967600EF7028 /* Settings.bundle */,
			);
			path = Resources;
			sourceTree = "<group>";
		};
		F864D65E201A947B00EF7028 /* SupportingFiles */ = {
			isa = PBXGroup;
			children = (
				F864D65F201A947B00EF7028 /* Info.plist */,
				F864D669201A95B300EF7028 /* Localizable.strings */,
			);
			path = SupportingFiles;
			sourceTree = "<group>";
		};
		F8A704A8201C97E60015C071 /* View */ = {
			isa = PBXGroup;
			children = (
				F8A704B1201C97E60015C071 /* ViewController.swift */,
				F8A704B0201C97E60015C071 /* ViewController+HeaderDelegate.swift */,
				F8A704AF201C97E60015C071 /* ViewController+FooterDelegate.swift */,
				F8DA792D20249B8200AB528D /* ViewController+ServiceDelegate.swift */,
				F8A704AE201C97E60015C071 /* HeaderView.swift */,
				F8A704AC201C97E60015C071 /* BodyView.swift */,
				F8A704AD201C97E60015C071 /* FooterView.swift */,
				F8A704A9201C97E60015C071 /* Body */,
			);
			path = View;
			sourceTree = "<group>";
		};
		F8A704A9201C97E60015C071 /* Body */ = {
			isa = PBXGroup;
			children = (
				F8A704AB201C97E60015C071 /* BodyPriceView.swift */,
				189C39442313B351009CC6EC /* BodyHistoryView.swift */,
			);
			path = Body;
			sourceTree = "<group>";
		};
		F8A704BA201C9FCD0015C071 /* API */ = {
			isa = PBXGroup;
			children = (
				F8A704BF201CA8C60015C071 /* ApiService.swift */,
				189C39482313B895009CC6EC /* HistoricPriceApiRouter.swift */,
				189C39492313B895009CC6EC /* HistoricPriceApiService.swift */,
				F8A704C1201CA9D00015C071 /* CurrentPriceApiRouter.swift */,
				F8A704BD201CA8870015C071 /* CurrentPriceApiService.swift */,
			);
			path = API;
			sourceTree = "<group>";
		};
		F8AF645C202511340043465D /* BaseNotificationBanner */ = {
			isa = PBXGroup;
			children = (
				F8AF645D202511530043465D /* BannerColors.swift */,
			);
			path = BaseNotificationBanner;
			sourceTree = "<group>";
		};
		F8D9D9A0201A925A002F2DCC = {
			isa = PBXGroup;
			children = (
				F8D9D9AB201A925A002F2DCC /* Bitcoin Price */,
				189C39692313F0E7009CC6EC /* Bitcoin PriceTests */,
				189C39842314009B009CC6EC /* Bitcoin PriceUITests */,
				F8D9D9AA201A925A002F2DCC /* Products */,
				969AFF5F5D8D63027F946CA7 /* Pods */,
				5E414E20828CE915BF9738F6 /* Frameworks */,
			);
			sourceTree = "<group>";
		};
		F8D9D9AA201A925A002F2DCC /* Products */ = {
			isa = PBXGroup;
			children = (
				F8D9D9A9201A925A002F2DCC /* Bitcoin Price.app */,
				189C39682313F0E7009CC6EC /* Bitcoin PriceTests.xctest */,
				189C39832314009B009CC6EC /* Bitcoin PriceUITests.xctest */,
			);
			name = Products;
			sourceTree = "<group>";
		};
		F8D9D9AB201A925A002F2DCC /* Bitcoin Price */ = {
			isa = PBXGroup;
			children = (
				F8D9D9B6201A925A002F2DCC /* Assets.xcassets */,
				F864D643201A947000EF7028 /* Classes */,
				F864D65A201A947600EF7028 /* Resources */,
				F864D65E201A947B00EF7028 /* SupportingFiles */,
			);
			path = "Bitcoin Price";
			sourceTree = "<group>";
		};
/* End PBXGroup section */

/* Begin PBXNativeTarget section */
		189C39672313F0E7009CC6EC /* Bitcoin PriceTests */ = {
			isa = PBXNativeTarget;
			buildConfigurationList = 189C396F2313F0E7009CC6EC /* Build configuration list for PBXNativeTarget "Bitcoin PriceTests" */;
			buildPhases = (
				189C39642313F0E7009CC6EC /* Sources */,
				189C39652313F0E7009CC6EC /* Frameworks */,
				189C39662313F0E7009CC6EC /* Resources */,
			);
			buildRules = (
			);
			dependencies = (
				189C397D2313FB06009CC6EC /* PBXTargetDependency */,
			);
			name = "Bitcoin PriceTests";
			productName = "Bitcoin PriceTests";
			productReference = 189C39682313F0E7009CC6EC /* Bitcoin PriceTests.xctest */;
			productType = "com.apple.product-type.bundle.unit-test";
		};
		189C39822314009B009CC6EC /* Bitcoin PriceUITests */ = {
			isa = PBXNativeTarget;
			buildConfigurationList = 189C398A2314009B009CC6EC /* Build configuration list for PBXNativeTarget "Bitcoin PriceUITests" */;
			buildPhases = (
				189C397F2314009B009CC6EC /* Sources */,
				189C39802314009B009CC6EC /* Frameworks */,
				189C39812314009B009CC6EC /* Resources */,
			);
			buildRules = (
			);
			dependencies = (
				189C39892314009B009CC6EC /* PBXTargetDependency */,
			);
			name = "Bitcoin PriceUITests";
			productName = "Bitcoin PriceUITests";
			productReference = 189C39832314009B009CC6EC /* Bitcoin PriceUITests.xctest */;
			productType = "com.apple.product-type.bundle.ui-testing";
		};
		F8D9D9A8201A925A002F2DCC /* Bitcoin Price */ = {
			isa = PBXNativeTarget;
			buildConfigurationList = F8D9D9D4201A925A002F2DCC /* Build configuration list for PBXNativeTarget "Bitcoin Price" */;
			buildPhases = (
				C44D16B51BAA6DFEC0E436C5 /* [CP] Check Pods Manifest.lock */,
				F8D9D9A5201A925A002F2DCC /* Sources */,
				F8D9D9A6201A925A002F2DCC /* Frameworks */,
				F8D9D9A7201A925A002F2DCC /* Resources */,
				788B8434B80F97993872248B /* [CP] Embed Pods Frameworks */,
			);
			buildRules = (
			);
			dependencies = (
			);
			name = "Bitcoin Price";
			productName = BitPrice;
			productReference = F8D9D9A9201A925A002F2DCC /* Bitcoin Price.app */;
			productType = "com.apple.product-type.application";
		};
/* End PBXNativeTarget section */

/* Begin PBXProject section */
		F8D9D9A1201A925A002F2DCC /* Project object */ = {
			isa = PBXProject;
			attributes = {
				LastSwiftUpdateCheck = 1020;
				LastUpgradeCheck = 0920;
				ORGANIZATIONNAME = "Bruno Tortato Furtado";
				TargetAttributes = {
					189C39672313F0E7009CC6EC = {
						CreatedOnToolsVersion = 10.2.1;
						ProvisioningStyle = Manual;
						TestTargetID = F8D9D9A8201A925A002F2DCC;
					};
					189C39822314009B009CC6EC = {
						CreatedOnToolsVersion = 10.2.1;
						ProvisioningStyle = Automatic;
						TestTargetID = F8D9D9A8201A925A002F2DCC;
					};
					F8D9D9A8201A925A002F2DCC = {
						CreatedOnToolsVersion = 9.2;
						ProvisioningStyle = Manual;
					};
				};
			};
			buildConfigurationList = F8D9D9A4201A925A002F2DCC /* Build configuration list for PBXProject "Bitcoin Price" */;
			compatibilityVersion = "Xcode 8.0";
			developmentRegion = en;
			hasScannedForEncodings = 0;
			knownRegions = (
				en,
				Base,
				"pt-BR",
			);
			mainGroup = F8D9D9A0201A925A002F2DCC;
			productRefGroup = F8D9D9AA201A925A002F2DCC /* Products */;
			projectDirPath = "";
			projectRoot = "";
			targets = (
				F8D9D9A8201A925A002F2DCC /* Bitcoin Price */,
				189C39672313F0E7009CC6EC /* Bitcoin PriceTests */,
				189C39822314009B009CC6EC /* Bitcoin PriceUITests */,
			);
		};
/* End PBXProject section */

/* Begin PBXResourcesBuildPhase section */
		189C39662313F0E7009CC6EC /* Resources */ = {
			isa = PBXResourcesBuildPhase;
			buildActionMask = 2147483647;
			files = (
			);
			runOnlyForDeploymentPostprocessing = 0;
		};
		189C39812314009B009CC6EC /* Resources */ = {
			isa = PBXResourcesBuildPhase;
			buildActionMask = 2147483647;
			files = (
			);
			runOnlyForDeploymentPostprocessing = 0;
		};
		F8D9D9A7201A925A002F2DCC /* Resources */ = {
			isa = PBXResourcesBuildPhase;
			buildActionMask = 2147483647;
			files = (
				F864D657201A947000EF7028 /* Main.storyboard in Resources */,
				F87C6AF2201AC4F100BB968F /* Fonts.bundle in Resources */,
				F864D667201A95B300EF7028 /* Localizable.strings in Resources */,
				F864D66C201A967600EF7028 /* Settings.bundle in Resources */,
				F8D9D9B7201A925A002F2DCC /* Assets.xcassets in Resources */,
				F864D656201A947000EF7028 /* LaunchScreen.storyboard in Resources */,
			);
			runOnlyForDeploymentPostprocessing = 0;
		};
/* End PBXResourcesBuildPhase section */

/* Begin PBXShellScriptBuildPhase section */
		788B8434B80F97993872248B /* [CP] Embed Pods Frameworks */ = {
			isa = PBXShellScriptBuildPhase;
			buildActionMask = 2147483647;
			files = (
			);
			inputPaths = (
				"${PODS_ROOT}/Target Support Files/Pods-Bitcoin Price/Pods-Bitcoin Price-frameworks.sh",
				"${BUILT_PRODUCTS_DIR}/Alamofire/Alamofire.framework",
				"${BUILT_PRODUCTS_DIR}/Charts/Charts.framework",
				"${BUILT_PRODUCTS_DIR}/MarqueeLabel/MarqueeLabel.framework",
				"${BUILT_PRODUCTS_DIR}/NotificationBannerSwift/NotificationBannerSwift.framework",
				"${BUILT_PRODUCTS_DIR}/Pastel/Pastel.framework",
				"${BUILT_PRODUCTS_DIR}/SnapKit/SnapKit.framework",
			);
			name = "[CP] Embed Pods Frameworks";
			outputPaths = (
				"${TARGET_BUILD_DIR}/${FRAMEWORKS_FOLDER_PATH}/Alamofire.framework",
				"${TARGET_BUILD_DIR}/${FRAMEWORKS_FOLDER_PATH}/Charts.framework",
				"${TARGET_BUILD_DIR}/${FRAMEWORKS_FOLDER_PATH}/MarqueeLabel.framework",
				"${TARGET_BUILD_DIR}/${FRAMEWORKS_FOLDER_PATH}/NotificationBannerSwift.framework",
				"${TARGET_BUILD_DIR}/${FRAMEWORKS_FOLDER_PATH}/Pastel.framework",
				"${TARGET_BUILD_DIR}/${FRAMEWORKS_FOLDER_PATH}/SnapKit.framework",
			);
			runOnlyForDeploymentPostprocessing = 0;
			shellPath = /bin/sh;
			shellScript = "\"${PODS_ROOT}/Target Support Files/Pods-Bitcoin Price/Pods-Bitcoin Price-frameworks.sh\"\n";
			showEnvVarsInLog = 0;
		};
		C44D16B51BAA6DFEC0E436C5 /* [CP] Check Pods Manifest.lock */ = {
			isa = PBXShellScriptBuildPhase;
			buildActionMask = 2147483647;
			files = (
			);
			inputPaths = (
				"${PODS_PODFILE_DIR_PATH}/Podfile.lock",
				"${PODS_ROOT}/Manifest.lock",
			);
			name = "[CP] Check Pods Manifest.lock";
			outputPaths = (
				"$(DERIVED_FILE_DIR)/Pods-Bitcoin Price-checkManifestLockResult.txt",
			);
			runOnlyForDeploymentPostprocessing = 0;
			shellPath = /bin/sh;
			shellScript = "diff \"${PODS_PODFILE_DIR_PATH}/Podfile.lock\" \"${PODS_ROOT}/Manifest.lock\" > /dev/null\nif [ $? != 0 ] ; then\n    # print error to STDERR\n    echo \"error: The sandbox is not in sync with the Podfile.lock. Run 'pod install' or update your CocoaPods installation.\" >&2\n    exit 1\nfi\n# This output is used by Xcode 'outputs' to avoid re-running this script phase.\necho \"SUCCESS\" > \"${SCRIPT_OUTPUT_FILE_0}\"\n";
			showEnvVarsInLog = 0;
		};
/* End PBXShellScriptBuildPhase section */

/* Begin PBXSourcesBuildPhase section */
		189C39642313F0E7009CC6EC /* Sources */ = {
			isa = PBXSourcesBuildPhase;
			buildActionMask = 2147483647;
			files = (
				189C39792313F561009CC6EC /* HistoricPriceApiServiceTest.swift in Sources */,
				189C396B2313F0E7009CC6EC /* ApiServiceTests.swift in Sources */,
				189C397B2313F566009CC6EC /* CurrentPriceApiServiceTest.swift in Sources */,
				189C39772313F539009CC6EC /* CurrentPriceServiceTest.swift in Sources */,
				189C39752313F52F009CC6EC /* HistoricPriceServiceTest.swift in Sources */,
			);
			runOnlyForDeploymentPostprocessing = 0;
		};
		189C397F2314009B009CC6EC /* Sources */ = {
			isa = PBXSourcesBuildPhase;
			buildActionMask = 2147483647;
			files = (
				189C39862314009B009CC6EC /* Bitcoin_PriceUITests.swift in Sources */,
			);
			runOnlyForDeploymentPostprocessing = 0;
		};
		F8D9D9A5201A925A002F2DCC /* Sources */ = {
			isa = PBXSourcesBuildPhase;
			buildActionMask = 2147483647;
			files = (
				18CEA29A2312266600C3AB9D /* Result.swift in Sources */,
				F8566EFB201B2F3A005E9950 /* CardView.swift in Sources */,
				189C394B2313B895009CC6EC /* HistoricPriceApiService.swift in Sources */,
				F8A704CA201CB48A0015C071 /* HistoricPrice.swift in Sources */,
				F8566F11201BBD0E005E9950 /* ReferenceType.swift in Sources */,
				F856EB85201D4AD700D4E655 /* SpinnerView.swift in Sources */,
				F8A704B3201C97E60015C071 /* BodyPriceView.swift in Sources */,
				F8A8601E2024EB8800553A43 /* UIView+Animations.swift in Sources */,
				F8A704C0201CA8C60015C071 /* ApiService.swift in Sources */,
				18CEA29D231226B700C3AB9D /* Reachability.swift in Sources */,
				F8AF64602025122F0043465D /* StatusBarNotificationBanner+App.swift in Sources */,
				F8566F17201BC3F6005E9950 /* Float+Formatter.swift in Sources */,
				F877E0B62024AD1B002E955B /* Service.swift in Sources */,
				F8A704B9201C97E60015C071 /* ViewController.swift in Sources */,
				F8A704BC201CA6880015C071 /* CurrentPrice.swift in Sources */,
				F8D62DAD201D85C8005E76FD /* Date+Calc.swift in Sources */,
				F877E0B42024AD05002E955B /* CurrentPriceService.swift in Sources */,
				185BAAC723130752005CD275 /* BalloonMarker.swift in Sources */,
				F8AF645E202511530043465D /* BannerColors.swift in Sources */,
				F8A704C2201CA9D00015C071 /* CurrentPriceApiRouter.swift in Sources */,
				F8A704B7201C97E60015C071 /* ViewController+FooterDelegate.swift in Sources */,
				F8566F25201C0E2E005E9950 /* Button.swift in Sources */,
				F8566F20201BF115005E9950 /* ChartView.swift in Sources */,
				F8DA792E20249B8200AB528D /* ViewController+ServiceDelegate.swift in Sources */,
				F864D654201A947000EF7028 /* AppDelegate.swift in Sources */,
				F8282342201D3B1C0008D8AF /* Date+Diff.swift in Sources */,
				F8566F2B201C1699005E9950 /* UserDefaults+App.swift in Sources */,
				F8A704B8201C97E60015C071 /* ViewController+HeaderDelegate.swift in Sources */,
				F8A704BE201CA8870015C071 /* CurrentPriceApiService.swift in Sources */,
				F8EB80B2201CE91000AD9087 /* NSObject+ClassName.swift in Sources */,
				F8A704B4201C97E60015C071 /* BodyView.swift in Sources */,
				F8A704B6201C97E60015C071 /* HeaderView.swift in Sources */,
				F8A704B5201C97E60015C071 /* FooterView.swift in Sources */,
				F8566F27201C0E54005E9950 /* UIView+Shadow.swift in Sources */,
				F8566EF9201B2EAC005E9950 /* UIColor+App.swift in Sources */,
				189C394A2313B895009CC6EC /* HistoricPriceApiRouter.swift in Sources */,
				F87C6AF4201AC55A00BB968F /* UIFont+App.swift in Sources */,
				F8566F09201B85F4005E9950 /* String+Localized.swift in Sources */,
				189C39452313B351009CC6EC /* BodyHistoryView.swift in Sources */,
				189C39472313B867009CC6EC /* HistoricPriceService.swift in Sources */,
				F8566F13201BC0CB005E9950 /* Date+Formatter.swift in Sources */,
				F8A704C4201CB1700015C071 /* Bundle+InfoPlist.swift in Sources */,
			);
			runOnlyForDeploymentPostprocessing = 0;
		};
/* End PBXSourcesBuildPhase section */

/* Begin PBXTargetDependency section */
		189C397D2313FB06009CC6EC /* PBXTargetDependency */ = {
			isa = PBXTargetDependency;
			target = F8D9D9A8201A925A002F2DCC /* Bitcoin Price */;
			targetProxy = 189C397C2313FB06009CC6EC /* PBXContainerItemProxy */;
		};
		189C39892314009B009CC6EC /* PBXTargetDependency */ = {
			isa = PBXTargetDependency;
			target = F8D9D9A8201A925A002F2DCC /* Bitcoin Price */;
			targetProxy = 189C39882314009B009CC6EC /* PBXContainerItemProxy */;
		};
/* End PBXTargetDependency section */

/* Begin PBXVariantGroup section */
		F864D64C201A947000EF7028 /* LaunchScreen.storyboard */ = {
			isa = PBXVariantGroup;
			children = (
				F864D64D201A947000EF7028 /* Base */,
			);
			name = LaunchScreen.storyboard;
			sourceTree = "<group>";
		};
		F864D64E201A947000EF7028 /* Main.storyboard */ = {
			isa = PBXVariantGroup;
			children = (
				F864D64F201A947000EF7028 /* Base */,
			);
			name = Main.storyboard;
			sourceTree = "<group>";
		};
		F864D669201A95B300EF7028 /* Localizable.strings */ = {
			isa = PBXVariantGroup;
			children = (
				F8566F0A201B8631005E9950 /* en */,
			);
			name = Localizable.strings;
			sourceTree = "<group>";
		};
/* End PBXVariantGroup section */

/* Begin XCBuildConfiguration section */
		189C39702313F0E7009CC6EC /* Debug */ = {
			isa = XCBuildConfiguration;
			buildSettings = {
				BUNDLE_LOADER = "$(TEST_HOST)";
				CLANG_ENABLE_OBJC_WEAK = YES;
				CLANG_WARN_DEPRECATED_OBJC_IMPLEMENTATIONS = YES;
				CLANG_WARN_OBJC_IMPLICIT_RETAIN_SELF = YES;
				CODE_SIGN_STYLE = Manual;
				DEBUG_INFORMATION_FORMAT = dwarf;
				DEVELOPMENT_TEAM = "";
				INFOPLIST_FILE = "Bitcoin PriceTests/Info.plist";
				IPHONEOS_DEPLOYMENT_TARGET = 9.0;
				LD_RUNPATH_SEARCH_PATHS = "$(inherited) @executable_path/Frameworks @loader_path/Frameworks";
				MTL_ENABLE_DEBUG_INFO = INCLUDE_SOURCE;
				MTL_FAST_MATH = YES;
				PRODUCT_BUNDLE_IDENTIFIER = "com.app.com.Bitcoin-PriceTests";
				PRODUCT_NAME = "$(TARGET_NAME)";
				PROVISIONING_PROFILE_SPECIFIER = "";
				SWIFT_VERSION = 5.0;
				TARGETED_DEVICE_FAMILY = "1,2";
				TEST_HOST = "$(BUILT_PRODUCTS_DIR)/Bitcoin Price.app/Bitcoin Price";
			};
			name = Debug;
		};
		189C39712313F0E7009CC6EC /* Release */ = {
			isa = XCBuildConfiguration;
			buildSettings = {
				BUNDLE_LOADER = "$(TEST_HOST)";
				CLANG_ENABLE_OBJC_WEAK = YES;
				CLANG_WARN_DEPRECATED_OBJC_IMPLEMENTATIONS = YES;
				CLANG_WARN_OBJC_IMPLICIT_RETAIN_SELF = YES;
				CODE_SIGN_STYLE = Manual;
				DEVELOPMENT_TEAM = "";
				INFOPLIST_FILE = "Bitcoin PriceTests/Info.plist";
				IPHONEOS_DEPLOYMENT_TARGET = 9.0;
				LD_RUNPATH_SEARCH_PATHS = "$(inherited) @executable_path/Frameworks @loader_path/Frameworks";
				MTL_FAST_MATH = YES;
				PRODUCT_BUNDLE_IDENTIFIER = "com.app.com.Bitcoin-PriceTests";
				PRODUCT_NAME = "$(TARGET_NAME)";
				PROVISIONING_PROFILE_SPECIFIER = "";
				SWIFT_VERSION = 5.0;
				TARGETED_DEVICE_FAMILY = "1,2";
				TEST_HOST = "$(BUILT_PRODUCTS_DIR)/Bitcoin Price.app/Bitcoin Price";
			};
			name = Release;
		};
		189C398B2314009B009CC6EC /* Debug */ = {
			isa = XCBuildConfiguration;
			buildSettings = {
				CLANG_ENABLE_OBJC_WEAK = YES;
				CLANG_WARN_DEPRECATED_OBJC_IMPLEMENTATIONS = YES;
				CLANG_WARN_OBJC_IMPLICIT_RETAIN_SELF = YES;
				CODE_SIGN_STYLE = Automatic;
				DEBUG_INFORMATION_FORMAT = dwarf;
				INFOPLIST_FILE = "Bitcoin PriceUITests/Info.plist";
				IPHONEOS_DEPLOYMENT_TARGET = 12.2;
				LD_RUNPATH_SEARCH_PATHS = "$(inherited) @executable_path/Frameworks @loader_path/Frameworks";
				MTL_ENABLE_DEBUG_INFO = INCLUDE_SOURCE;
				MTL_FAST_MATH = YES;
				PRODUCT_BUNDLE_IDENTIFIER = "com.app.com.Bitcoin-PriceUITests";
				PRODUCT_NAME = "$(TARGET_NAME)";
				SWIFT_VERSION = 5.0;
				TARGETED_DEVICE_FAMILY = "1,2";
				TEST_TARGET_NAME = "Bitcoin Price";
			};
			name = Debug;
		};
		189C398C2314009B009CC6EC /* Release */ = {
			isa = XCBuildConfiguration;
			buildSettings = {
				CLANG_ENABLE_OBJC_WEAK = YES;
				CLANG_WARN_DEPRECATED_OBJC_IMPLEMENTATIONS = YES;
				CLANG_WARN_OBJC_IMPLICIT_RETAIN_SELF = YES;
				CODE_SIGN_STYLE = Automatic;
				INFOPLIST_FILE = "Bitcoin PriceUITests/Info.plist";
				IPHONEOS_DEPLOYMENT_TARGET = 12.2;
				LD_RUNPATH_SEARCH_PATHS = "$(inherited) @executable_path/Frameworks @loader_path/Frameworks";
				MTL_FAST_MATH = YES;
				PRODUCT_BUNDLE_IDENTIFIER = "com.app.com.Bitcoin-PriceUITests";
				PRODUCT_NAME = "$(TARGET_NAME)";
				SWIFT_VERSION = 5.0;
				TARGETED_DEVICE_FAMILY = "1,2";
				TEST_TARGET_NAME = "Bitcoin Price";
			};
			name = Release;
		};
		F8D9D9D2201A925A002F2DCC /* Debug */ = {
			isa = XCBuildConfiguration;
			buildSettings = {
				ALWAYS_SEARCH_USER_PATHS = NO;
				API_BASE_URL = "https://api.coindesk.com/v1/bpi";
				BUNDLE_ID_SUFFIX = .debug;
				CLANG_ANALYZER_LOCALIZABILITY_NONLOCALIZED = YES;
				CLANG_ANALYZER_NONNULL = YES;
				CLANG_ANALYZER_NUMBER_OBJECT_CONVERSION = YES_AGGRESSIVE;
				CLANG_CXX_LANGUAGE_STANDARD = "gnu++14";
				CLANG_CXX_LIBRARY = "libc++";
				CLANG_ENABLE_MODULES = YES;
				CLANG_ENABLE_OBJC_ARC = YES;
				CLANG_WARN_BLOCK_CAPTURE_AUTORELEASING = YES;
				CLANG_WARN_BOOL_CONVERSION = YES;
				CLANG_WARN_COMMA = YES;
				CLANG_WARN_CONSTANT_CONVERSION = YES;
				CLANG_WARN_DIRECT_OBJC_ISA_USAGE = YES_ERROR;
				CLANG_WARN_DOCUMENTATION_COMMENTS = YES;
				CLANG_WARN_EMPTY_BODY = YES;
				CLANG_WARN_ENUM_CONVERSION = YES;
				CLANG_WARN_INFINITE_RECURSION = YES;
				CLANG_WARN_INT_CONVERSION = YES;
				CLANG_WARN_NON_LITERAL_NULL_CONVERSION = YES;
				CLANG_WARN_OBJC_LITERAL_CONVERSION = YES;
				CLANG_WARN_OBJC_ROOT_CLASS = YES_ERROR;
				CLANG_WARN_RANGE_LOOP_ANALYSIS = YES;
				CLANG_WARN_STRICT_PROTOTYPES = YES;
				CLANG_WARN_SUSPICIOUS_MOVE = YES;
				CLANG_WARN_UNGUARDED_AVAILABILITY = YES_AGGRESSIVE;
				CLANG_WARN_UNREACHABLE_CODE = YES;
				CLANG_WARN__DUPLICATE_METHOD_MATCH = YES;
				CODE_SIGN_IDENTITY = "iPhone Developer";
				COPY_PHASE_STRIP = NO;
				DEBUG_INFORMATION_FORMAT = "dwarf-with-dsym";
				ENABLE_STRICT_OBJC_MSGSEND = YES;
				ENABLE_TESTABILITY = YES;
				GCC_C_LANGUAGE_STANDARD = gnu11;
				GCC_DYNAMIC_NO_PIC = NO;
				GCC_NO_COMMON_BLOCKS = YES;
				GCC_OPTIMIZATION_LEVEL = 0;
				GCC_PREPROCESSOR_DEFINITIONS = (
					"DEBUG=1",
					"$(inherited)",
				);
				GCC_WARN_64_TO_32_BIT_CONVERSION = YES;
				GCC_WARN_ABOUT_RETURN_TYPE = YES_ERROR;
				GCC_WARN_UNDECLARED_SELECTOR = YES;
				GCC_WARN_UNINITIALIZED_AUTOS = YES_AGGRESSIVE;
				GCC_WARN_UNUSED_FUNCTION = YES;
				GCC_WARN_UNUSED_VARIABLE = YES;
				IPHONEOS_DEPLOYMENT_TARGET = 9.0;
				MTL_ENABLE_DEBUG_INFO = YES;
				ONLY_ACTIVE_ARCH = YES;
				OTHER_SWIFT_FLAGS = "-DDEBUG";
				SDKROOT = iphoneos;
				SWIFT_ACTIVE_COMPILATION_CONDITIONS = DEBUG;
				SWIFT_OPTIMIZATION_LEVEL = "-Onone";
			};
			name = Debug;
		};
		F8D9D9D3201A925A002F2DCC /* Release */ = {
			isa = XCBuildConfiguration;
			buildSettings = {
				ALWAYS_SEARCH_USER_PATHS = NO;
				API_BASE_URL = "https://api.coindesk.com/v1/bpi";
				BUNDLE_ID_SUFFIX = "";
				CLANG_ANALYZER_LOCALIZABILITY_NONLOCALIZED = YES;
				CLANG_ANALYZER_NONNULL = YES;
				CLANG_ANALYZER_NUMBER_OBJECT_CONVERSION = YES_AGGRESSIVE;
				CLANG_CXX_LANGUAGE_STANDARD = "gnu++14";
				CLANG_CXX_LIBRARY = "libc++";
				CLANG_ENABLE_MODULES = YES;
				CLANG_ENABLE_OBJC_ARC = YES;
				CLANG_WARN_BLOCK_CAPTURE_AUTORELEASING = YES;
				CLANG_WARN_BOOL_CONVERSION = YES;
				CLANG_WARN_COMMA = YES;
				CLANG_WARN_CONSTANT_CONVERSION = YES;
				CLANG_WARN_DIRECT_OBJC_ISA_USAGE = YES_ERROR;
				CLANG_WARN_DOCUMENTATION_COMMENTS = YES;
				CLANG_WARN_EMPTY_BODY = YES;
				CLANG_WARN_ENUM_CONVERSION = YES;
				CLANG_WARN_INFINITE_RECURSION = YES;
				CLANG_WARN_INT_CONVERSION = YES;
				CLANG_WARN_NON_LITERAL_NULL_CONVERSION = YES;
				CLANG_WARN_OBJC_LITERAL_CONVERSION = YES;
				CLANG_WARN_OBJC_ROOT_CLASS = YES_ERROR;
				CLANG_WARN_RANGE_LOOP_ANALYSIS = YES;
				CLANG_WARN_STRICT_PROTOTYPES = YES;
				CLANG_WARN_SUSPICIOUS_MOVE = YES;
				CLANG_WARN_UNGUARDED_AVAILABILITY = YES_AGGRESSIVE;
				CLANG_WARN_UNREACHABLE_CODE = YES;
				CLANG_WARN__DUPLICATE_METHOD_MATCH = YES;
				CODE_SIGN_IDENTITY = "iPhone Developer";
				COPY_PHASE_STRIP = NO;
				DEBUG_INFORMATION_FORMAT = "dwarf-with-dsym";
				ENABLE_NS_ASSERTIONS = NO;
				ENABLE_STRICT_OBJC_MSGSEND = YES;
				GCC_C_LANGUAGE_STANDARD = gnu11;
				GCC_NO_COMMON_BLOCKS = YES;
				GCC_WARN_64_TO_32_BIT_CONVERSION = YES;
				GCC_WARN_ABOUT_RETURN_TYPE = YES_ERROR;
				GCC_WARN_UNDECLARED_SELECTOR = YES;
				GCC_WARN_UNINITIALIZED_AUTOS = YES_AGGRESSIVE;
				GCC_WARN_UNUSED_FUNCTION = YES;
				GCC_WARN_UNUSED_VARIABLE = YES;
				IPHONEOS_DEPLOYMENT_TARGET = 9.0;
				MTL_ENABLE_DEBUG_INFO = NO;
				OTHER_SWIFT_FLAGS = "-DRELEASE";
				SDKROOT = iphoneos;
				SWIFT_OPTIMIZATION_LEVEL = "-Owholemodule";
				VALIDATE_PRODUCT = YES;
			};
			name = Release;
		};
		F8D9D9D5201A925A002F2DCC /* Debug */ = {
			isa = XCBuildConfiguration;
			baseConfigurationReference = C588772BF1479C94E7ED2C58 /* Pods-Bitcoin Price.debug.xcconfig */;
			buildSettings = {
				ASSETCATALOG_COMPILER_APPICON_NAME = AppIcon;
				ASSETCATALOG_COMPILER_LAUNCHIMAGE_NAME = LaunchImage;
				CODE_SIGN_STYLE = Manual;
				DEVELOPMENT_TEAM = "";
				GCC_SYMBOLS_PRIVATE_EXTERN = NO;
				INFOPLIST_FILE = "Bitcoin Price/SupportingFiles/Info.plist";
				LD_RUNPATH_SEARCH_PATHS = "$(inherited) @executable_path/Frameworks";
				PRODUCT_BUNDLE_IDENTIFIER = com.faizal.app;
				PRODUCT_NAME = "$(TARGET_NAME)";
				PROVISIONING_PROFILE_SPECIFIER = "";
				SWIFT_VERSION = 4.0;
				TARGETED_DEVICE_FAMILY = 1;
			};
			name = Debug;
		};
		F8D9D9D6201A925A002F2DCC /* Release */ = {
			isa = XCBuildConfiguration;
			baseConfigurationReference = B05C7BD22D3CB64708CD0224 /* Pods-Bitcoin Price.release.xcconfig */;
			buildSettings = {
				ASSETCATALOG_COMPILER_APPICON_NAME = AppIcon;
				ASSETCATALOG_COMPILER_LAUNCHIMAGE_NAME = LaunchImage;
				CODE_SIGN_STYLE = Manual;
				DEVELOPMENT_TEAM = "";
				GCC_SYMBOLS_PRIVATE_EXTERN = NO;
				INFOPLIST_FILE = "Bitcoin Price/SupportingFiles/Info.plist";
				LD_RUNPATH_SEARCH_PATHS = "$(inherited) @executable_path/Frameworks";
				PRODUCT_BUNDLE_IDENTIFIER = com.faizal.app;
				PRODUCT_NAME = "$(TARGET_NAME)";
				PROVISIONING_PROFILE_SPECIFIER = "";
				SWIFT_VERSION = 4.0;
				TARGETED_DEVICE_FAMILY = 1;
			};
			name = Release;
		};
/* End XCBuildConfiguration section */

/* Begin XCConfigurationList section */
		189C396F2313F0E7009CC6EC /* Build configuration list for PBXNativeTarget "Bitcoin PriceTests" */ = {
			isa = XCConfigurationList;
			buildConfigurations = (
				189C39702313F0E7009CC6EC /* Debug */,
				189C39712313F0E7009CC6EC /* Release */,
			);
			defaultConfigurationIsVisible = 0;
			defaultConfigurationName = Release;
		};
		189C398A2314009B009CC6EC /* Build configuration list for PBXNativeTarget "Bitcoin PriceUITests" */ = {
			isa = XCConfigurationList;
			buildConfigurations = (
				189C398B2314009B009CC6EC /* Debug */,
				189C398C2314009B009CC6EC /* Release */,
			);
			defaultConfigurationIsVisible = 0;
			defaultConfigurationName = Release;
		};
		F8D9D9A4201A925A002F2DCC /* Build configuration list for PBXProject "Bitcoin Price" */ = {
			isa = XCConfigurationList;
			buildConfigurations = (
				F8D9D9D2201A925A002F2DCC /* Debug */,
				F8D9D9D3201A925A002F2DCC /* Release */,
			);
			defaultConfigurationIsVisible = 0;
			defaultConfigurationName = Release;
		};
		F8D9D9D4201A925A002F2DCC /* Build configuration list for PBXNativeTarget "Bitcoin Price" */ = {
			isa = XCConfigurationList;
			buildConfigurations = (
				F8D9D9D5201A925A002F2DCC /* Debug */,
				F8D9D9D6201A925A002F2DCC /* Release */,
			);
			defaultConfigurationIsVisible = 0;
			defaultConfigurationName = Release;
		};
/* End XCConfigurationList section */
	};
	rootObject = F8D9D9A1201A925A002F2DCC /* Project object */;
}
