// !$*UTF8*$!
{
	archiveVersion = 1;
	classes = {
	};
	objectVersion = 50;
	objects = {

/* Begin PBXBuildFile section */
		18CEA26B2311128200C3AB9D /* Fonts.bundle in Resources */ = {isa = PBXBuildFile; fileRef = 18CEA26A2311128200C3AB9D /* Fonts.bundle */; };
		18EA63282310FF06000C11DE /* AppDelegate.swift in Sources */ = {isa = PBXBuildFile; fileRef = 18EA63272310FF06000C11DE /* AppDelegate.swift */; };
		18EA632A2310FF06000C11DE /* ViewController.swift in Sources */ = {isa = PBXBuildFile; fileRef = 18EA63292310FF06000C11DE /* ViewController.swift */; };
		18EA632D2310FF06000C11DE /* Main.storyboard in Resources */ = {isa = PBXBuildFile; fileRef = 18EA632B2310FF06000C11DE /* Main.storyboard */; };
		18EA63302310FF06000C11DE /* Bitcoin_Price.xcdatamodeld in Sources */ = {isa = PBXBuildFile; fileRef = 18EA632E2310FF06000C11DE /* Bitcoin_Price.xcdatamodeld */; };
		18EA63322310FF06000C11DE /* Assets.xcassets in Resources */ = {isa = PBXBuildFile; fileRef = 18EA63312310FF06000C11DE /* Assets.xcassets */; };
		18EA63352310FF06000C11DE /* LaunchScreen.storyboard in Resources */ = {isa = PBXBuildFile; fileRef = 18EA63332310FF06000C11DE /* LaunchScreen.storyboard */; };
		18EA63402310FF06000C11DE /* Bitcoin_PriceTests.swift in Sources */ = {isa = PBXBuildFile; fileRef = 18EA633F2310FF06000C11DE /* Bitcoin_PriceTests.swift */; };
		18EA634B2310FF06000C11DE /* Bitcoin_PriceUITests.swift in Sources */ = {isa = PBXBuildFile; fileRef = 18EA634A2310FF06000C11DE /* Bitcoin_PriceUITests.swift */; };
		19AA0CA137A58A2092B5B21B /* Pods_Bitcoin_Price.framework in Frameworks */ = {isa = PBXBuildFile; fileRef = A73EAECBCEFBFD8C3E29D266 /* Pods_Bitcoin_Price.framework */; };
		51F0A37BD6C2A8ADA294AE4F /* Pods_Bitcoin_PriceTests.framework in Frameworks */ = {isa = PBXBuildFile; fileRef = CCAC84E0C1B565006854AD6B /* Pods_Bitcoin_PriceTests.framework */; };
		645A020732F5830D1C20C6E7 /* Pods_Bitcoin_PriceUITests.framework in Frameworks */ = {isa = PBXBuildFile; fileRef = B329A9D1A4333C97ADBE2E5B /* Pods_Bitcoin_PriceUITests.framework */; };
/* End PBXBuildFile section */

/* Begin PBXContainerItemProxy section */
		18EA633C2310FF06000C11DE /* PBXContainerItemProxy */ = {
			isa = PBXContainerItemProxy;
			containerPortal = 18EA631C2310FF06000C11DE /* Project object */;
			proxyType = 1;
			remoteGlobalIDString = 18EA63232310FF06000C11DE;
			remoteInfo = "Bitcoin Price";
		};
		18EA63472310FF06000C11DE /* PBXContainerItemProxy */ = {
			isa = PBXContainerItemProxy;
			containerPortal = 18EA631C2310FF06000C11DE /* Project object */;
			proxyType = 1;
			remoteGlobalIDString = 18EA63232310FF06000C11DE;
			remoteInfo = "Bitcoin Price";
		};
/* End PBXContainerItemProxy section */

/* Begin PBXFileReference section */
		18CEA26A2311128200C3AB9D /* Fonts.bundle */ = {isa = PBXFileReference; lastKnownFileType = "wrapper.plug-in"; path = Fonts.bundle; sourceTree = "<group>"; };
		18EA63242310FF06000C11DE /* Bitcoin Price.app */ = {isa = PBXFileReference; explicitFileType = wrapper.application; includeInIndex = 0; path = "Bitcoin Price.app"; sourceTree = BUILT_PRODUCTS_DIR; };
		18EA63272310FF06000C11DE /* AppDelegate.swift */ = {isa = PBXFileReference; lastKnownFileType = sourcecode.swift; path = AppDelegate.swift; sourceTree = "<group>"; };
		18EA63292310FF06000C11DE /* ViewController.swift */ = {isa = PBXFileReference; lastKnownFileType = sourcecode.swift; path = ViewController.swift; sourceTree = "<group>"; };
		18EA632C2310FF06000C11DE /* Base */ = {isa = PBXFileReference; lastKnownFileType = file.storyboard; name = Base; path = Base.lproj/Main.storyboard; sourceTree = "<group>"; };
		18EA632F2310FF06000C11DE /* Bitcoin_Price.xcdatamodel */ = {isa = PBXFileReference; lastKnownFileType = wrapper.xcdatamodel; path = Bitcoin_Price.xcdatamodel; sourceTree = "<group>"; };
		18EA63312310FF06000C11DE /* Assets.xcassets */ = {isa = PBXFileReference; lastKnownFileType = folder.assetcatalog; path = Assets.xcassets; sourceTree = "<group>"; };
		18EA63342310FF06000C11DE /* Base */ = {isa = PBXFileReference; lastKnownFileType = file.storyboard; name = Base; path = Base.lproj/LaunchScreen.storyboard; sourceTree = "<group>"; };
		18EA63362310FF06000C11DE /* Info.plist */ = {isa = PBXFileReference; lastKnownFileType = text.plist.xml; path = Info.plist; sourceTree = "<group>"; };
		18EA633B2310FF06000C11DE /* Bitcoin PriceTests.xctest */ = {isa = PBXFileReference; explicitFileType = wrapper.cfbundle; includeInIndex = 0; path = "Bitcoin PriceTests.xctest"; sourceTree = BUILT_PRODUCTS_DIR; };
		18EA633F2310FF06000C11DE /* Bitcoin_PriceTests.swift */ = {isa = PBXFileReference; lastKnownFileType = sourcecode.swift; path = Bitcoin_PriceTests.swift; sourceTree = "<group>"; };
		18EA63412310FF06000C11DE /* Info.plist */ = {isa = PBXFileReference; lastKnownFileType = text.plist.xml; path = Info.plist; sourceTree = "<group>"; };
		18EA63462310FF06000C11DE /* Bitcoin PriceUITests.xctest */ = {isa = PBXFileReference; explicitFileType = wrapper.cfbundle; includeInIndex = 0; path = "Bitcoin PriceUITests.xctest"; sourceTree = BUILT_PRODUCTS_DIR; };
		18EA634A2310FF06000C11DE /* Bitcoin_PriceUITests.swift */ = {isa = PBXFileReference; lastKnownFileType = sourcecode.swift; path = Bitcoin_PriceUITests.swift; sourceTree = "<group>"; };
		18EA634C2310FF06000C11DE /* Info.plist */ = {isa = PBXFileReference; lastKnownFileType = text.plist.xml; path = Info.plist; sourceTree = "<group>"; };
		4F69FE502665D84EFB40CD72 /* Pods-Bitcoin PriceTests.debug.xcconfig */ = {isa = PBXFileReference; includeInIndex = 1; lastKnownFileType = text.xcconfig; name = "Pods-Bitcoin PriceTests.debug.xcconfig"; path = "Target Support Files/Pods-Bitcoin PriceTests/Pods-Bitcoin PriceTests.debug.xcconfig"; sourceTree = "<group>"; };
		5307053A818A365ED4182D80 /* Pods-Bitcoin PriceUITests.debug.xcconfig */ = {isa = PBXFileReference; includeInIndex = 1; lastKnownFileType = text.xcconfig; name = "Pods-Bitcoin PriceUITests.debug.xcconfig"; path = "Target Support Files/Pods-Bitcoin PriceUITests/Pods-Bitcoin PriceUITests.debug.xcconfig"; sourceTree = "<group>"; };
		546D9894812F7CC169273EF4 /* Pods-Bitcoin PriceTests.release.xcconfig */ = {isa = PBXFileReference; includeInIndex = 1; lastKnownFileType = text.xcconfig; name = "Pods-Bitcoin PriceTests.release.xcconfig"; path = "Target Support Files/Pods-Bitcoin PriceTests/Pods-Bitcoin PriceTests.release.xcconfig"; sourceTree = "<group>"; };
		61A6D4C34E27E5CF87BBB886 /* Pods-Bitcoin Price.debug.xcconfig */ = {isa = PBXFileReference; includeInIndex = 1; lastKnownFileType = text.xcconfig; name = "Pods-Bitcoin Price.debug.xcconfig"; path = "Target Support Files/Pods-Bitcoin Price/Pods-Bitcoin Price.debug.xcconfig"; sourceTree = "<group>"; };
		723A51E86505EAD887B36FDE /* Pods-Bitcoin PriceUITests.release.xcconfig */ = {isa = PBXFileReference; includeInIndex = 1; lastKnownFileType = text.xcconfig; name = "Pods-Bitcoin PriceUITests.release.xcconfig"; path = "Target Support Files/Pods-Bitcoin PriceUITests/Pods-Bitcoin PriceUITests.release.xcconfig"; sourceTree = "<group>"; };
		99D6146A04DA1DB6E0E575AF /* Pods-Bitcoin Price.release.xcconfig */ = {isa = PBXFileReference; includeInIndex = 1; lastKnownFileType = text.xcconfig; name = "Pods-Bitcoin Price.release.xcconfig"; path = "Target Support Files/Pods-Bitcoin Price/Pods-Bitcoin Price.release.xcconfig"; sourceTree = "<group>"; };
		A73EAECBCEFBFD8C3E29D266 /* Pods_Bitcoin_Price.framework */ = {isa = PBXFileReference; explicitFileType = wrapper.framework; includeInIndex = 0; path = Pods_Bitcoin_Price.framework; sourceTree = BUILT_PRODUCTS_DIR; };
		B329A9D1A4333C97ADBE2E5B /* Pods_Bitcoin_PriceUITests.framework */ = {isa = PBXFileReference; explicitFileType = wrapper.framework; includeInIndex = 0; path = Pods_Bitcoin_PriceUITests.framework; sourceTree = BUILT_PRODUCTS_DIR; };
		CCAC84E0C1B565006854AD6B /* Pods_Bitcoin_PriceTests.framework */ = {isa = PBXFileReference; explicitFileType = wrapper.framework; includeInIndex = 0; path = Pods_Bitcoin_PriceTests.framework; sourceTree = BUILT_PRODUCTS_DIR; };
/* End PBXFileReference section */

/* Begin PBXFrameworksBuildPhase section */
		18EA63212310FF06000C11DE /* Frameworks */ = {
			isa = PBXFrameworksBuildPhase;
			buildActionMask = 2147483647;
			files = (
				19AA0CA137A58A2092B5B21B /* Pods_Bitcoin_Price.framework in Frameworks */,
			);
			runOnlyForDeploymentPostprocessing = 0;
		};
		18EA63382310FF06000C11DE /* Frameworks */ = {
			isa = PBXFrameworksBuildPhase;
			buildActionMask = 2147483647;
			files = (
				51F0A37BD6C2A8ADA294AE4F /* Pods_Bitcoin_PriceTests.framework in Frameworks */,
			);
			runOnlyForDeploymentPostprocessing = 0;
		};
		18EA63432310FF06000C11DE /* Frameworks */ = {
			isa = PBXFrameworksBuildPhase;
			buildActionMask = 2147483647;
			files = (
				645A020732F5830D1C20C6E7 /* Pods_Bitcoin_PriceUITests.framework in Frameworks */,
			);
			runOnlyForDeploymentPostprocessing = 0;
		};
/* End PBXFrameworksBuildPhase section */

/* Begin PBXGroup section */
		18EA631B2310FF06000C11DE = {
			isa = PBXGroup;
			children = (
				18EA63262310FF06000C11DE /* Bitcoin Price */,
				18EA633E2310FF06000C11DE /* Bitcoin PriceTests */,
				18EA63492310FF06000C11DE /* Bitcoin PriceUITests */,
				18EA63252310FF06000C11DE /* Products */,
				DAB5B912A5373021293D1726 /* Pods */,
				4A20D4B914737DC03182D2B6 /* Frameworks */,
			);
			sourceTree = "<group>";
		};
		18EA63252310FF06000C11DE /* Products */ = {
			isa = PBXGroup;
			children = (
				18EA63242310FF06000C11DE /* Bitcoin Price.app */,
				18EA633B2310FF06000C11DE /* Bitcoin PriceTests.xctest */,
				18EA63462310FF06000C11DE /* Bitcoin PriceUITests.xctest */,
			);
			name = Products;
			sourceTree = "<group>";
		};
		18EA63262310FF06000C11DE /* Bitcoin Price */ = {
			isa = PBXGroup;
			children = (
				18EA63272310FF06000C11DE /* AppDelegate.swift */,
				18EA635D2311006C000C11DE /* Resources */,
				18EA635A2310FFF5000C11DE /* Helpers */,
				18EA635C2311002D000C11DE /* Service */,
				18EA63592310FFEE000C11DE /* Model */,
				18EA635B2311001A000C11DE /* View */,
				18EA63582310FFD2000C11DE /* Controllers */,
				18EA63312310FF06000C11DE /* Assets.xcassets */,
				18EA63362310FF06000C11DE /* Info.plist */,
			);
			path = "Bitcoin Price";
			sourceTree = "<group>";
		};
		18EA633E2310FF06000C11DE /* Bitcoin PriceTests */ = {
			isa = PBXGroup;
			children = (
				18EA633F2310FF06000C11DE /* Bitcoin_PriceTests.swift */,
				18EA63412310FF06000C11DE /* Info.plist */,
			);
			path = "Bitcoin PriceTests";
			sourceTree = "<group>";
		};
		18EA63492310FF06000C11DE /* Bitcoin PriceUITests */ = {
			isa = PBXGroup;
			children = (
				18EA634A2310FF06000C11DE /* Bitcoin_PriceUITests.swift */,
				18EA634C2310FF06000C11DE /* Info.plist */,
			);
			path = "Bitcoin PriceUITests";
			sourceTree = "<group>";
		};
		18EA63582310FFD2000C11DE /* Controllers */ = {
			isa = PBXGroup;
			children = (
				18EA63292310FF06000C11DE /* ViewController.swift */,
			);
			path = Controllers;
			sourceTree = "<group>";
		};
		18EA63592310FFEE000C11DE /* Model */ = {
			isa = PBXGroup;
			children = (
			);
			path = Model;
			sourceTree = "<group>";
		};
		18EA635A2310FFF5000C11DE /* Helpers */ = {
			isa = PBXGroup;
			children = (
			);
			path = Helpers;
			sourceTree = "<group>";
		};
		18EA635B2311001A000C11DE /* View */ = {
			isa = PBXGroup;
			children = (
				18EA63332310FF06000C11DE /* LaunchScreen.storyboard */,
				18EA632B2310FF06000C11DE /* Main.storyboard */,
			);
			path = View;
			sourceTree = "<group>";
		};
		18EA635C2311002D000C11DE /* Service */ = {
			isa = PBXGroup;
			children = (
			);
			path = Service;
			sourceTree = "<group>";
		};
		18EA635D2311006C000C11DE /* Resources */ = {
			isa = PBXGroup;
			children = (
				18CEA26A2311128200C3AB9D /* Fonts.bundle */,
				18EA632E2310FF06000C11DE /* Bitcoin_Price.xcdatamodeld */,
			);
			path = Resources;
			sourceTree = "<group>";
		};
		4A20D4B914737DC03182D2B6 /* Frameworks */ = {
			isa = PBXGroup;
			children = (
				A73EAECBCEFBFD8C3E29D266 /* Pods_Bitcoin_Price.framework */,
				CCAC84E0C1B565006854AD6B /* Pods_Bitcoin_PriceTests.framework */,
				B329A9D1A4333C97ADBE2E5B /* Pods_Bitcoin_PriceUITests.framework */,
			);
			name = Frameworks;
			sourceTree = "<group>";
		};
		DAB5B912A5373021293D1726 /* Pods */ = {
			isa = PBXGroup;
			children = (
				61A6D4C34E27E5CF87BBB886 /* Pods-Bitcoin Price.debug.xcconfig */,
				99D6146A04DA1DB6E0E575AF /* Pods-Bitcoin Price.release.xcconfig */,
				4F69FE502665D84EFB40CD72 /* Pods-Bitcoin PriceTests.debug.xcconfig */,
				546D9894812F7CC169273EF4 /* Pods-Bitcoin PriceTests.release.xcconfig */,
				5307053A818A365ED4182D80 /* Pods-Bitcoin PriceUITests.debug.xcconfig */,
				723A51E86505EAD887B36FDE /* Pods-Bitcoin PriceUITests.release.xcconfig */,
			);
			path = Pods;
			sourceTree = "<group>";
		};
/* End PBXGroup section */

/* Begin PBXNativeTarget section */
		18EA63232310FF06000C11DE /* Bitcoin Price */ = {
			isa = PBXNativeTarget;
			buildConfigurationList = 18EA634F2310FF06000C11DE /* Build configuration list for PBXNativeTarget "Bitcoin Price" */;
			buildPhases = (
				9E92963DE904B4D295BC50B6 /* [CP] Check Pods Manifest.lock */,
				18EA63202310FF06000C11DE /* Sources */,
				18EA63212310FF06000C11DE /* Frameworks */,
				18EA63222310FF06000C11DE /* Resources */,
				8E812459C7D0A4BE8AF43362 /* [CP] Embed Pods Frameworks */,
			);
			buildRules = (
			);
			dependencies = (
			);
			name = "Bitcoin Price";
			productName = "Bitcoin Price";
			productReference = 18EA63242310FF06000C11DE /* Bitcoin Price.app */;
			productType = "com.apple.product-type.application";
		};
		18EA633A2310FF06000C11DE /* Bitcoin PriceTests */ = {
			isa = PBXNativeTarget;
			buildConfigurationList = 18EA63522310FF06000C11DE /* Build configuration list for PBXNativeTarget "Bitcoin PriceTests" */;
			buildPhases = (
				495317EECDF4F04CB20CD92F /* [CP] Check Pods Manifest.lock */,
				18EA63372310FF06000C11DE /* Sources */,
				18EA63382310FF06000C11DE /* Frameworks */,
				18EA63392310FF06000C11DE /* Resources */,
			);
			buildRules = (
			);
			dependencies = (
				18EA633D2310FF06000C11DE /* PBXTargetDependency */,
			);
			name = "Bitcoin PriceTests";
			productName = "Bitcoin PriceTests";
			productReference = 18EA633B2310FF06000C11DE /* Bitcoin PriceTests.xctest */;
			productType = "com.apple.product-type.bundle.unit-test";
		};
		18EA63452310FF06000C11DE /* Bitcoin PriceUITests */ = {
			isa = PBXNativeTarget;
			buildConfigurationList = 18EA63552310FF06000C11DE /* Build configuration list for PBXNativeTarget "Bitcoin PriceUITests" */;
			buildPhases = (
				ABA8A3ED81A555F6BEDF474B /* [CP] Check Pods Manifest.lock */,
				18EA63422310FF06000C11DE /* Sources */,
				18EA63432310FF06000C11DE /* Frameworks */,
				18EA63442310FF06000C11DE /* Resources */,
			);
			buildRules = (
			);
			dependencies = (
				18EA63482310FF06000C11DE /* PBXTargetDependency */,
			);
			name = "Bitcoin PriceUITests";
			productName = "Bitcoin PriceUITests";
			productReference = 18EA63462310FF06000C11DE /* Bitcoin PriceUITests.xctest */;
			productType = "com.apple.product-type.bundle.ui-testing";
		};
/* End PBXNativeTarget section */

/* Begin PBXProject section */
		18EA631C2310FF06000C11DE /* Project object */ = {
			isa = PBXProject;
			attributes = {
				LastSwiftUpdateCheck = 1020;
				LastUpgradeCheck = 1020;
				ORGANIZATIONNAME = Faizal;
				TargetAttributes = {
					18EA63232310FF06000C11DE = {
						CreatedOnToolsVersion = 10.2.1;
					};
					18EA633A2310FF06000C11DE = {
						CreatedOnToolsVersion = 10.2.1;
						TestTargetID = 18EA63232310FF06000C11DE;
					};
					18EA63452310FF06000C11DE = {
						CreatedOnToolsVersion = 10.2.1;
						TestTargetID = 18EA63232310FF06000C11DE;
					};
				};
			};
			buildConfigurationList = 18EA631F2310FF06000C11DE /* Build configuration list for PBXProject "Bitcoin Price" */;
			compatibilityVersion = "Xcode 9.3";
			developmentRegion = en;
			hasScannedForEncodings = 0;
			knownRegions = (
				en,
				Base,
			);
			mainGroup = 18EA631B2310FF06000C11DE;
			productRefGroup = 18EA63252310FF06000C11DE /* Products */;
			projectDirPath = "";
			projectRoot = "";
			targets = (
				18EA63232310FF06000C11DE /* Bitcoin Price */,
				18EA633A2310FF06000C11DE /* Bitcoin PriceTests */,
				18EA63452310FF06000C11DE /* Bitcoin PriceUITests */,
			);
		};
/* End PBXProject section */

/* Begin PBXResourcesBuildPhase section */
		18EA63222310FF06000C11DE /* Resources */ = {
			isa = PBXResourcesBuildPhase;
			buildActionMask = 2147483647;
			files = (
				18EA63352310FF06000C11DE /* LaunchScreen.storyboard in Resources */,
				18CEA26B2311128200C3AB9D /* Fonts.bundle in Resources */,
				18EA63322310FF06000C11DE /* Assets.xcassets in Resources */,
				18EA632D2310FF06000C11DE /* Main.storyboard in Resources */,
			);
			runOnlyForDeploymentPostprocessing = 0;
		};
		18EA63392310FF06000C11DE /* Resources */ = {
			isa = PBXResourcesBuildPhase;
			buildActionMask = 2147483647;
			files = (
			);
			runOnlyForDeploymentPostprocessing = 0;
		};
		18EA63442310FF06000C11DE /* Resources */ = {
			isa = PBXResourcesBuildPhase;
			buildActionMask = 2147483647;
			files = (
			);
			runOnlyForDeploymentPostprocessing = 0;
		};
/* End PBXResourcesBuildPhase section */

/* Begin PBXShellScriptBuildPhase section */
		495317EECDF4F04CB20CD92F /* [CP] Check Pods Manifest.lock */ = {
			isa = PBXShellScriptBuildPhase;
			buildActionMask = 2147483647;
			files = (
			);
			inputFileListPaths = (
			);
			inputPaths = (
				"${PODS_PODFILE_DIR_PATH}/Podfile.lock",
				"${PODS_ROOT}/Manifest.lock",
			);
			name = "[CP] Check Pods Manifest.lock";
			outputFileListPaths = (
			);
			outputPaths = (
				"$(DERIVED_FILE_DIR)/Pods-Bitcoin PriceTests-checkManifestLockResult.txt",
			);
			runOnlyForDeploymentPostprocessing = 0;
			shellPath = /bin/sh;
			shellScript = "diff \"${PODS_PODFILE_DIR_PATH}/Podfile.lock\" \"${PODS_ROOT}/Manifest.lock\" > /dev/null\nif [ $? != 0 ] ; then\n    # print error to STDERR\n    echo \"error: The sandbox is not in sync with the Podfile.lock. Run 'pod install' or update your CocoaPods installation.\" >&2\n    exit 1\nfi\n# This output is used by Xcode 'outputs' to avoid re-running this script phase.\necho \"SUCCESS\" > \"${SCRIPT_OUTPUT_FILE_0}\"\n";
			showEnvVarsInLog = 0;
		};
		8E812459C7D0A4BE8AF43362 /* [CP] Embed Pods Frameworks */ = {
			isa = PBXShellScriptBuildPhase;
			buildActionMask = 2147483647;
			files = (
			);
			inputFileListPaths = (
				"${PODS_ROOT}/Target Support Files/Pods-Bitcoin Price/Pods-Bitcoin Price-frameworks-${CONFIGURATION}-input-files.xcfilelist",
			);
			name = "[CP] Embed Pods Frameworks";
			outputFileListPaths = (
				"${PODS_ROOT}/Target Support Files/Pods-Bitcoin Price/Pods-Bitcoin Price-frameworks-${CONFIGURATION}-output-files.xcfilelist",
			);
			runOnlyForDeploymentPostprocessing = 0;
			shellPath = /bin/sh;
			shellScript = "\"${PODS_ROOT}/Target Support Files/Pods-Bitcoin Price/Pods-Bitcoin Price-frameworks.sh\"\n";
			showEnvVarsInLog = 0;
		};
		9E92963DE904B4D295BC50B6 /* [CP] Check Pods Manifest.lock */ = {
			isa = PBXShellScriptBuildPhase;
			buildActionMask = 2147483647;
			files = (
			);
			inputFileListPaths = (
			);
			inputPaths = (
				"${PODS_PODFILE_DIR_PATH}/Podfile.lock",
				"${PODS_ROOT}/Manifest.lock",
			);
			name = "[CP] Check Pods Manifest.lock";
			outputFileListPaths = (
			);
			outputPaths = (
				"$(DERIVED_FILE_DIR)/Pods-Bitcoin Price-checkManifestLockResult.txt",
			);
			runOnlyForDeploymentPostprocessing = 0;
			shellPath = /bin/sh;
			shellScript = "diff \"${PODS_PODFILE_DIR_PATH}/Podfile.lock\" \"${PODS_ROOT}/Manifest.lock\" > /dev/null\nif [ $? != 0 ] ; then\n    # print error to STDERR\n    echo \"error: The sandbox is not in sync with the Podfile.lock. Run 'pod install' or update your CocoaPods installation.\" >&2\n    exit 1\nfi\n# This output is used by Xcode 'outputs' to avoid re-running this script phase.\necho \"SUCCESS\" > \"${SCRIPT_OUTPUT_FILE_0}\"\n";
			showEnvVarsInLog = 0;
		};
		ABA8A3ED81A555F6BEDF474B /* [CP] Check Pods Manifest.lock */ = {
			isa = PBXShellScriptBuildPhase;
			buildActionMask = 2147483647;
			files = (
			);
			inputFileListPaths = (
			);
			inputPaths = (
				"${PODS_PODFILE_DIR_PATH}/Podfile.lock",
				"${PODS_ROOT}/Manifest.lock",
			);
			name = "[CP] Check Pods Manifest.lock";
			outputFileListPaths = (
			);
			outputPaths = (
				"$(DERIVED_FILE_DIR)/Pods-Bitcoin PriceUITests-checkManifestLockResult.txt",
			);
			runOnlyForDeploymentPostprocessing = 0;
			shellPath = /bin/sh;
			shellScript = "diff \"${PODS_PODFILE_DIR_PATH}/Podfile.lock\" \"${PODS_ROOT}/Manifest.lock\" > /dev/null\nif [ $? != 0 ] ; then\n    # print error to STDERR\n    echo \"error: The sandbox is not in sync with the Podfile.lock. Run 'pod install' or update your CocoaPods installation.\" >&2\n    exit 1\nfi\n# This output is used by Xcode 'outputs' to avoid re-running this script phase.\necho \"SUCCESS\" > \"${SCRIPT_OUTPUT_FILE_0}\"\n";
			showEnvVarsInLog = 0;
		};
/* End PBXShellScriptBuildPhase section */

/* Begin PBXSourcesBuildPhase section */
		18EA63202310FF06000C11DE /* Sources */ = {
			isa = PBXSourcesBuildPhase;
			buildActionMask = 2147483647;
			files = (
				18EA632A2310FF06000C11DE /* ViewController.swift in Sources */,
				18EA63302310FF06000C11DE /* Bitcoin_Price.xcdatamodeld in Sources */,
				18EA63282310FF06000C11DE /* AppDelegate.swift in Sources */,
			);
			runOnlyForDeploymentPostprocessing = 0;
		};
		18EA63372310FF06000C11DE /* Sources */ = {
			isa = PBXSourcesBuildPhase;
			buildActionMask = 2147483647;
			files = (
				18EA63402310FF06000C11DE /* Bitcoin_PriceTests.swift in Sources */,
			);
			runOnlyForDeploymentPostprocessing = 0;
		};
		18EA63422310FF06000C11DE /* Sources */ = {
			isa = PBXSourcesBuildPhase;
			buildActionMask = 2147483647;
			files = (
				18EA634B2310FF06000C11DE /* Bitcoin_PriceUITests.swift in Sources */,
			);
			runOnlyForDeploymentPostprocessing = 0;
		};
/* End PBXSourcesBuildPhase section */

/* Begin PBXTargetDependency section */
		18EA633D2310FF06000C11DE /* PBXTargetDependency */ = {
			isa = PBXTargetDependency;
			target = 18EA63232310FF06000C11DE /* Bitcoin Price */;
			targetProxy = 18EA633C2310FF06000C11DE /* PBXContainerItemProxy */;
		};
		18EA63482310FF06000C11DE /* PBXTargetDependency */ = {
			isa = PBXTargetDependency;
			target = 18EA63232310FF06000C11DE /* Bitcoin Price */;
			targetProxy = 18EA63472310FF06000C11DE /* PBXContainerItemProxy */;
		};
/* End PBXTargetDependency section */

/* Begin PBXVariantGroup section */
		18EA632B2310FF06000C11DE /* Main.storyboard */ = {
			isa = PBXVariantGroup;
			children = (
				18EA632C2310FF06000C11DE /* Base */,
			);
			name = Main.storyboard;
			sourceTree = "<group>";
		};
		18EA63332310FF06000C11DE /* LaunchScreen.storyboard */ = {
			isa = PBXVariantGroup;
			children = (
				18EA63342310FF06000C11DE /* Base */,
			);
			name = LaunchScreen.storyboard;
			sourceTree = "<group>";
		};
/* End PBXVariantGroup section */

/* Begin XCBuildConfiguration section */
		18EA634D2310FF06000C11DE /* Debug */ = {
			isa = XCBuildConfiguration;
			buildSettings = {
				ALWAYS_SEARCH_USER_PATHS = NO;
				CLANG_ANALYZER_NONNULL = YES;
				CLANG_ANALYZER_NUMBER_OBJECT_CONVERSION = YES_AGGRESSIVE;
				CLANG_CXX_LANGUAGE_STANDARD = "gnu++14";
				CLANG_CXX_LIBRARY = "libc++";
				CLANG_ENABLE_MODULES = YES;
				CLANG_ENABLE_OBJC_ARC = YES;
				CLANG_ENABLE_OBJC_WEAK = YES;
				CLANG_WARN_BLOCK_CAPTURE_AUTORELEASING = YES;
				CLANG_WARN_BOOL_CONVERSION = YES;
				CLANG_WARN_COMMA = YES;
				CLANG_WARN_CONSTANT_CONVERSION = YES;
				CLANG_WARN_DEPRECATED_OBJC_IMPLEMENTATIONS = YES;
				CLANG_WARN_DIRECT_OBJC_ISA_USAGE = YES_ERROR;
				CLANG_WARN_DOCUMENTATION_COMMENTS = YES;
				CLANG_WARN_EMPTY_BODY = YES;
				CLANG_WARN_ENUM_CONVERSION = YES;
				CLANG_WARN_INFINITE_RECURSION = YES;
				CLANG_WARN_INT_CONVERSION = YES;
				CLANG_WARN_NON_LITERAL_NULL_CONVERSION = YES;
				CLANG_WARN_OBJC_IMPLICIT_RETAIN_SELF = YES;
				CLANG_WARN_OBJC_LITERAL_CONVERSION = YES;
				CLANG_WARN_OBJC_ROOT_CLASS = YES_ERROR;
				CLANG_WARN_RANGE_LOOP_ANALYSIS = YES;
				CLANG_WARN_STRICT_PROTOTYPES = YES;
				CLANG_WARN_SUSPICIOUS_MOVE = YES;
				CLANG_WARN_UNGUARDED_AVAILABILITY = YES_AGGRESSIVE;
				CLANG_WARN_UNREACHABLE_CODE = YES;
				CLANG_WARN__DUPLICATE_METHOD_MATCH = YES;
				CODE_SIGN_IDENTITY = "iPhone Developer";
				COPY_PHASE_STRIP = NO;
				DEBUG_INFORMATION_FORMAT = dwarf;
				ENABLE_STRICT_OBJC_MSGSEND = YES;
				ENABLE_TESTABILITY = YES;
				GCC_C_LANGUAGE_STANDARD = gnu11;
				GCC_DYNAMIC_NO_PIC = NO;
				GCC_NO_COMMON_BLOCKS = YES;
				GCC_OPTIMIZATION_LEVEL = 0;
				GCC_PREPROCESSOR_DEFINITIONS = (
					"DEBUG=1",
					"$(inherited)",
				);
				GCC_WARN_64_TO_32_BIT_CONVERSION = YES;
				GCC_WARN_ABOUT_RETURN_TYPE = YES_ERROR;
				GCC_WARN_UNDECLARED_SELECTOR = YES;
				GCC_WARN_UNINITIALIZED_AUTOS = YES_AGGRESSIVE;
				GCC_WARN_UNUSED_FUNCTION = YES;
				GCC_WARN_UNUSED_VARIABLE = YES;
				IPHONEOS_DEPLOYMENT_TARGET = 12.2;
				MTL_ENABLE_DEBUG_INFO = INCLUDE_SOURCE;
				MTL_FAST_MATH = YES;
				ONLY_ACTIVE_ARCH = YES;
				SDKROOT = iphoneos;
				SWIFT_ACTIVE_COMPILATION_CONDITIONS = DEBUG;
				SWIFT_OPTIMIZATION_LEVEL = "-Onone";
			};
			name = Debug;
		};
		18EA634E2310FF06000C11DE /* Release */ = {
			isa = XCBuildConfiguration;
			buildSettings = {
				ALWAYS_SEARCH_USER_PATHS = NO;
				CLANG_ANALYZER_NONNULL = YES;
				CLANG_ANALYZER_NUMBER_OBJECT_CONVERSION = YES_AGGRESSIVE;
				CLANG_CXX_LANGUAGE_STANDARD = "gnu++14";
				CLANG_CXX_LIBRARY = "libc++";
				CLANG_ENABLE_MODULES = YES;
				CLANG_ENABLE_OBJC_ARC = YES;
				CLANG_ENABLE_OBJC_WEAK = YES;
				CLANG_WARN_BLOCK_CAPTURE_AUTORELEASING = YES;
				CLANG_WARN_BOOL_CONVERSION = YES;
				CLANG_WARN_COMMA = YES;
				CLANG_WARN_CONSTANT_CONVERSION = YES;
				CLANG_WARN_DEPRECATED_OBJC_IMPLEMENTATIONS = YES;
				CLANG_WARN_DIRECT_OBJC_ISA_USAGE = YES_ERROR;
				CLANG_WARN_DOCUMENTATION_COMMENTS = YES;
				CLANG_WARN_EMPTY_BODY = YES;
				CLANG_WARN_ENUM_CONVERSION = YES;
				CLANG_WARN_INFINITE_RECURSION = YES;
				CLANG_WARN_INT_CONVERSION = YES;
				CLANG_WARN_NON_LITERAL_NULL_CONVERSION = YES;
				CLANG_WARN_OBJC_IMPLICIT_RETAIN_SELF = YES;
				CLANG_WARN_OBJC_LITERAL_CONVERSION = YES;
				CLANG_WARN_OBJC_ROOT_CLASS = YES_ERROR;
				CLANG_WARN_RANGE_LOOP_ANALYSIS = YES;
				CLANG_WARN_STRICT_PROTOTYPES = YES;
				CLANG_WARN_SUSPICIOUS_MOVE = YES;
				CLANG_WARN_UNGUARDED_AVAILABILITY = YES_AGGRESSIVE;
				CLANG_WARN_UNREACHABLE_CODE = YES;
				CLANG_WARN__DUPLICATE_METHOD_MATCH = YES;
				CODE_SIGN_IDENTITY = "iPhone Developer";
				COPY_PHASE_STRIP = NO;
				DEBUG_INFORMATION_FORMAT = "dwarf-with-dsym";
				ENABLE_NS_ASSERTIONS = NO;
				ENABLE_STRICT_OBJC_MSGSEND = YES;
				GCC_C_LANGUAGE_STANDARD = gnu11;
				GCC_NO_COMMON_BLOCKS = YES;
				GCC_WARN_64_TO_32_BIT_CONVERSION = YES;
				GCC_WARN_ABOUT_RETURN_TYPE = YES_ERROR;
				GCC_WARN_UNDECLARED_SELECTOR = YES;
				GCC_WARN_UNINITIALIZED_AUTOS = YES_AGGRESSIVE;
				GCC_WARN_UNUSED_FUNCTION = YES;
				GCC_WARN_UNUSED_VARIABLE = YES;
				IPHONEOS_DEPLOYMENT_TARGET = 12.2;
				MTL_ENABLE_DEBUG_INFO = NO;
				MTL_FAST_MATH = YES;
				SDKROOT = iphoneos;
				SWIFT_COMPILATION_MODE = wholemodule;
				SWIFT_OPTIMIZATION_LEVEL = "-O";
				VALIDATE_PRODUCT = YES;
			};
			name = Release;
		};
		18EA63502310FF06000C11DE /* Debug */ = {
			isa = XCBuildConfiguration;
			baseConfigurationReference = 61A6D4C34E27E5CF87BBB886 /* Pods-Bitcoin Price.debug.xcconfig */;
			buildSettings = {
				ASSETCATALOG_COMPILER_APPICON_NAME = AppIcon;
				CODE_SIGN_STYLE = Automatic;
				INFOPLIST_FILE = "Bitcoin Price/Info.plist";
				LD_RUNPATH_SEARCH_PATHS = (
					"$(inherited)",
					"@executable_path/Frameworks",
				);
				PRODUCT_BUNDLE_IDENTIFIER = "com.app.com.Bitcoin-Price";
				PRODUCT_NAME = "$(TARGET_NAME)";
				SWIFT_VERSION = 5.0;
				TARGETED_DEVICE_FAMILY = "1,2";
			};
			name = Debug;
		};
		18EA63512310FF06000C11DE /* Release */ = {
			isa = XCBuildConfiguration;
			baseConfigurationReference = 99D6146A04DA1DB6E0E575AF /* Pods-Bitcoin Price.release.xcconfig */;
			buildSettings = {
				ASSETCATALOG_COMPILER_APPICON_NAME = AppIcon;
				CODE_SIGN_STYLE = Automatic;
				INFOPLIST_FILE = "Bitcoin Price/Info.plist";
				LD_RUNPATH_SEARCH_PATHS = (
					"$(inherited)",
					"@executable_path/Frameworks",
				);
				PRODUCT_BUNDLE_IDENTIFIER = "com.app.com.Bitcoin-Price";
				PRODUCT_NAME = "$(TARGET_NAME)";
				SWIFT_VERSION = 5.0;
				TARGETED_DEVICE_FAMILY = "1,2";
			};
			name = Release;
		};
		18EA63532310FF06000C11DE /* Debug */ = {
			isa = XCBuildConfiguration;
			baseConfigurationReference = 4F69FE502665D84EFB40CD72 /* Pods-Bitcoin PriceTests.debug.xcconfig */;
			buildSettings = {
				ALWAYS_EMBED_SWIFT_STANDARD_LIBRARIES = YES;
				BUNDLE_LOADER = "$(TEST_HOST)";
				CODE_SIGN_STYLE = Automatic;
				INFOPLIST_FILE = "Bitcoin PriceTests/Info.plist";
				LD_RUNPATH_SEARCH_PATHS = (
					"$(inherited)",
					"@executable_path/Frameworks",
					"@loader_path/Frameworks",
				);
				PRODUCT_BUNDLE_IDENTIFIER = "com.app.com.Bitcoin-PriceTests";
				PRODUCT_NAME = "$(TARGET_NAME)";
				SWIFT_VERSION = 5.0;
				TARGETED_DEVICE_FAMILY = "1,2";
				TEST_HOST = "$(BUILT_PRODUCTS_DIR)/Bitcoin Price.app/Bitcoin Price";
			};
			name = Debug;
		};
		18EA63542310FF06000C11DE /* Release */ = {
			isa = XCBuildConfiguration;
			baseConfigurationReference = 546D9894812F7CC169273EF4 /* Pods-Bitcoin PriceTests.release.xcconfig */;
			buildSettings = {
				ALWAYS_EMBED_SWIFT_STANDARD_LIBRARIES = YES;
				BUNDLE_LOADER = "$(TEST_HOST)";
				CODE_SIGN_STYLE = Automatic;
				INFOPLIST_FILE = "Bitcoin PriceTests/Info.plist";
				LD_RUNPATH_SEARCH_PATHS = (
					"$(inherited)",
					"@executable_path/Frameworks",
					"@loader_path/Frameworks",
				);
				PRODUCT_BUNDLE_IDENTIFIER = "com.app.com.Bitcoin-PriceTests";
				PRODUCT_NAME = "$(TARGET_NAME)";
				SWIFT_VERSION = 5.0;
				TARGETED_DEVICE_FAMILY = "1,2";
				TEST_HOST = "$(BUILT_PRODUCTS_DIR)/Bitcoin Price.app/Bitcoin Price";
			};
			name = Release;
		};
		18EA63562310FF06000C11DE /* Debug */ = {
			isa = XCBuildConfiguration;
			baseConfigurationReference = 5307053A818A365ED4182D80 /* Pods-Bitcoin PriceUITests.debug.xcconfig */;
			buildSettings = {
				ALWAYS_EMBED_SWIFT_STANDARD_LIBRARIES = YES;
				CODE_SIGN_STYLE = Automatic;
				INFOPLIST_FILE = "Bitcoin PriceUITests/Info.plist";
				LD_RUNPATH_SEARCH_PATHS = (
					"$(inherited)",
					"@executable_path/Frameworks",
					"@loader_path/Frameworks",
				);
				PRODUCT_BUNDLE_IDENTIFIER = "com.app.com.Bitcoin-PriceUITests";
				PRODUCT_NAME = "$(TARGET_NAME)";
				SWIFT_VERSION = 5.0;
				TARGETED_DEVICE_FAMILY = "1,2";
				TEST_TARGET_NAME = "Bitcoin Price";
			};
			name = Debug;
		};
		18EA63572310FF06000C11DE /* Release */ = {
			isa = XCBuildConfiguration;
			baseConfigurationReference = 723A51E86505EAD887B36FDE /* Pods-Bitcoin PriceUITests.release.xcconfig */;
			buildSettings = {
				ALWAYS_EMBED_SWIFT_STANDARD_LIBRARIES = YES;
				CODE_SIGN_STYLE = Automatic;
				INFOPLIST_FILE = "Bitcoin PriceUITests/Info.plist";
				LD_RUNPATH_SEARCH_PATHS = (
					"$(inherited)",
					"@executable_path/Frameworks",
					"@loader_path/Frameworks",
				);
				PRODUCT_BUNDLE_IDENTIFIER = "com.app.com.Bitcoin-PriceUITests";
				PRODUCT_NAME = "$(TARGET_NAME)";
				SWIFT_VERSION = 5.0;
				TARGETED_DEVICE_FAMILY = "1,2";
				TEST_TARGET_NAME = "Bitcoin Price";
			};
			name = Release;
		};
/* End XCBuildConfiguration section */

/* Begin XCConfigurationList section */
		18EA631F2310FF06000C11DE /* Build configuration list for PBXProject "Bitcoin Price" */ = {
			isa = XCConfigurationList;
			buildConfigurations = (
				18EA634D2310FF06000C11DE /* Debug */,
				18EA634E2310FF06000C11DE /* Release */,
			);
			defaultConfigurationIsVisible = 0;
			defaultConfigurationName = Release;
		};
		18EA634F2310FF06000C11DE /* Build configuration list for PBXNativeTarget "Bitcoin Price" */ = {
			isa = XCConfigurationList;
			buildConfigurations = (
				18EA63502310FF06000C11DE /* Debug */,
				18EA63512310FF06000C11DE /* Release */,
			);
			defaultConfigurationIsVisible = 0;
			defaultConfigurationName = Release;
		};
		18EA63522310FF06000C11DE /* Build configuration list for PBXNativeTarget "Bitcoin PriceTests" */ = {
			isa = XCConfigurationList;
			buildConfigurations = (
				18EA63532310FF06000C11DE /* Debug */,
				18EA63542310FF06000C11DE /* Release */,
			);
			defaultConfigurationIsVisible = 0;
			defaultConfigurationName = Release;
		};
		18EA63552310FF06000C11DE /* Build configuration list for PBXNativeTarget "Bitcoin PriceUITests" */ = {
			isa = XCConfigurationList;
			buildConfigurations = (
				18EA63562310FF06000C11DE /* Debug */,
				18EA63572310FF06000C11DE /* Release */,
			);
			defaultConfigurationIsVisible = 0;
			defaultConfigurationName = Release;
		};
/* End XCConfigurationList section */

/* Begin XCVersionGroup section */
		18EA632E2310FF06000C11DE /* Bitcoin_Price.xcdatamodeld */ = {
			isa = XCVersionGroup;
			children = (
				18EA632F2310FF06000C11DE /* Bitcoin_Price.xcdatamodel */,
			);
			currentVersion = 18EA632F2310FF06000C11DE /* Bitcoin_Price.xcdatamodel */;
			path = Bitcoin_Price.xcdatamodeld;
			sourceTree = "<group>";
			versionGroupType = wrapper.xcdatamodel;
		};
/* End XCVersionGroup section */
	};
	rootObject = 18EA631C2310FF06000C11DE /* Project object */;
}
